// !$*UTF8*$!
{
	archiveVersion = 1;
	classes = {
	};
	objectVersion = 56;
	objects = {

/* Begin PBXBuildFile section */
		651E314429833DF0009916A5 /* SettingsView.swift in Sources */ = {isa = PBXBuildFile; fileRef = 651E314329833DF0009916A5 /* SettingsView.swift */; };
		651E314829837059009916A5 /* PersistenceManager.swift in Sources */ = {isa = PBXBuildFile; fileRef = 651E314729837059009916A5 /* PersistenceManager.swift */; };
		651E314A29837407009916A5 /* UserSettingsKeys.swift in Sources */ = {isa = PBXBuildFile; fileRef = 651E314929837407009916A5 /* UserSettingsKeys.swift */; };
		651E314C29837A89009916A5 /* Dev.swift in Sources */ = {isa = PBXBuildFile; fileRef = 651E314B29837A89009916A5 /* Dev.swift */; };
		651E315029837C8B009916A5 /* Requests.swift in Sources */ = {isa = PBXBuildFile; fileRef = 651E314F29837C8B009916A5 /* Requests.swift */; };
		651E315229837CC5009916A5 /* ApodQuery.swift in Sources */ = {isa = PBXBuildFile; fileRef = 651E315129837CC5009916A5 /* ApodQuery.swift */; };
		651E315629843B90009916A5 /* UserSettingsManager.swift in Sources */ = {isa = PBXBuildFile; fileRef = 651E315529843B90009916A5 /* UserSettingsManager.swift */; };
		651E3159298449D3009916A5 /* OnboardingView.swift in Sources */ = {isa = PBXBuildFile; fileRef = 651E3158298449D3009916A5 /* OnboardingView.swift */; };
		6539A4E12969FD8500470F80 /* AppDelegate.swift in Sources */ = {isa = PBXBuildFile; fileRef = 6539A4E02969FD8500470F80 /* AppDelegate.swift */; };
		6539A4E32969FD8500470F80 /* SceneDelegate.swift in Sources */ = {isa = PBXBuildFile; fileRef = 6539A4E22969FD8500470F80 /* SceneDelegate.swift */; };
		6539A4EB2969FD8500470F80 /* Star_Party.xcdatamodeld in Sources */ = {isa = PBXBuildFile; fileRef = 6539A4E92969FD8500470F80 /* Star_Party.xcdatamodeld */; };
		6539A4ED2969FD8600470F80 /* Assets.xcassets in Resources */ = {isa = PBXBuildFile; fileRef = 6539A4EC2969FD8600470F80 /* Assets.xcassets */; };
		6539A4F02969FD8600470F80 /* LaunchScreen.storyboard in Resources */ = {isa = PBXBuildFile; fileRef = 6539A4EE2969FD8600470F80 /* LaunchScreen.storyboard */; };
		6539A4FB2969FD8600470F80 /* Space_ReportTests.swift in Sources */ = {isa = PBXBuildFile; fileRef = 6539A4FA2969FD8600470F80 /* Space_ReportTests.swift */; };
		6539A5052969FD8600470F80 /* Space_ReportUITests.swift in Sources */ = {isa = PBXBuildFile; fileRef = 6539A5042969FD8600470F80 /* Space_ReportUITests.swift */; };
		6539A5072969FD8600470F80 /* Space_ReportUITestsLaunchTests.swift in Sources */ = {isa = PBXBuildFile; fileRef = 6539A5062969FD8600470F80 /* Space_ReportUITestsLaunchTests.swift */; };
		6539A515296A0B3C00470F80 /* Theme.swift in Sources */ = {isa = PBXBuildFile; fileRef = 6539A514296A0B3C00470F80 /* Theme.swift */; };
		6539A51B296A190700470F80 /* api_keys.swift in Sources */ = {isa = PBXBuildFile; fileRef = 6539A51A296A190700470F80 /* api_keys.swift */; };
		6539A51E296A1A3100470F80 /* JSON.swift in Sources */ = {isa = PBXBuildFile; fileRef = 6539A51D296A1A3100470F80 /* JSON.swift */; };
		6539A525296A7B4A00470F80 /* APOD_JSON.swift in Sources */ = {isa = PBXBuildFile; fileRef = 6539A524296A7B4A00470F80 /* APOD_JSON.swift */; };
		65634E662972628A00A13D45 /* TodaysApodViewController.swift in Sources */ = {isa = PBXBuildFile; fileRef = 65634E652972628A00A13D45 /* TodaysApodViewController.swift */; };
		65634E6C2972693000A13D45 /* DebugViews.swift in Sources */ = {isa = PBXBuildFile; fileRef = 65634E6B2972693000A13D45 /* DebugViews.swift */; };
		65634E6E2972693B00A13D45 /* UIKitExtensions.swift in Sources */ = {isa = PBXBuildFile; fileRef = 65634E6D2972693B00A13D45 /* UIKitExtensions.swift */; };
		65634E702974D55400A13D45 /* NetworkingExtensions.swift in Sources */ = {isa = PBXBuildFile; fileRef = 65634E6F2974D55400A13D45 /* NetworkingExtensions.swift */; };
		65634EBC2977172C00A13D45 /* API_Error.swift in Sources */ = {isa = PBXBuildFile; fileRef = 65634EBB2977172C00A13D45 /* API_Error.swift */; };
		65634EBE297762BA00A13D45 /* ApodViewModel.swift in Sources */ = {isa = PBXBuildFile; fileRef = 65634EBD297762BA00A13D45 /* ApodViewModel.swift */; };
		65634EC12977724C00A13D45 /* ApodDetailViewController.swift in Sources */ = {isa = PBXBuildFile; fileRef = 65634EC02977724C00A13D45 /* ApodDetailViewController.swift */; };
		65634ECA2977B43400A13D45 /* TextLoadingPlaceholder.swift in Sources */ = {isa = PBXBuildFile; fileRef = 65634EC92977B43400A13D45 /* TextLoadingPlaceholder.swift */; };
		65634ECC2978594D00A13D45 /* BWGradientView.swift in Sources */ = {isa = PBXBuildFile; fileRef = 65634ECB2978594D00A13D45 /* BWGradientView.swift */; };
		65634ECF2978D90600A13D45 /* ApodsGridViewController.swift in Sources */ = {isa = PBXBuildFile; fileRef = 65634ECE2978D90600A13D45 /* ApodsGridViewController.swift */; };
		65634ED12978DEE400A13D45 /* NasaPrimaryButton.swift in Sources */ = {isa = PBXBuildFile; fileRef = 65634ED02978DEE400A13D45 /* NasaPrimaryButton.swift */; };
		65634EDD2979B8D200A13D45 /* random.json in Resources */ = {isa = PBXBuildFile; fileRef = 65634EDC2979B8D200A13D45 /* random.json */; };
		65634EDF2979D1FD00A13D45 /* ApodImageCell.swift in Sources */ = {isa = PBXBuildFile; fileRef = 65634EDE2979D1FD00A13D45 /* ApodImageCell.swift */; };
		65634EE12979DEBA00A13D45 /* TypeExtensions.swift in Sources */ = {isa = PBXBuildFile; fileRef = 65634EE02979DEBA00A13D45 /* TypeExtensions.swift */; };
		65634EE5297A3B9C00A13D45 /* ApodHeaderCell.swift in Sources */ = {isa = PBXBuildFile; fileRef = 65634EE4297A3B9C00A13D45 /* ApodHeaderCell.swift */; };
		65634EEB297C5DED00A13D45 /* ApodFiltersViewController.swift in Sources */ = {isa = PBXBuildFile; fileRef = 65634EEA297C5DED00A13D45 /* ApodFiltersViewController.swift */; };
		65CF08BB29847F8B004668F8 /* SwiftUIExtensions.swift in Sources */ = {isa = PBXBuildFile; fileRef = 65CF08BA29847F8B004668F8 /* SwiftUIExtensions.swift */; };
		65CF08BD29848700004668F8 /* Modifiers.swift in Sources */ = {isa = PBXBuildFile; fileRef = 65CF08BC29848700004668F8 /* Modifiers.swift */; };
		65CF08C0298734A5004668F8 /* APOD+CoreDataClass.swift in Sources */ = {isa = PBXBuildFile; fileRef = 65CF08BE298734A5004668F8 /* APOD+CoreDataClass.swift */; };
		65CF08C1298734A5004668F8 /* APOD+CoreDataProperties.swift in Sources */ = {isa = PBXBuildFile; fileRef = 65CF08BF298734A5004668F8 /* APOD+CoreDataProperties.swift */; };
		65CF08C6298734F4004668F8 /* APOD_hd_image+CoreDataClass.swift in Sources */ = {isa = PBXBuildFile; fileRef = 65CF08C2298734F4004668F8 /* APOD_hd_image+CoreDataClass.swift */; };
		65CF08C7298734F4004668F8 /* APOD_hd_image+CoreDataProperties.swift in Sources */ = {isa = PBXBuildFile; fileRef = 65CF08C3298734F4004668F8 /* APOD_hd_image+CoreDataProperties.swift */; };
		65CF08C8298734F4004668F8 /* APOD_image+CoreDataClass.swift in Sources */ = {isa = PBXBuildFile; fileRef = 65CF08C4298734F4004668F8 /* APOD_image+CoreDataClass.swift */; };
		65CF08C9298734F4004668F8 /* APOD_image+CoreDataProperties.swift in Sources */ = {isa = PBXBuildFile; fileRef = 65CF08C5298734F4004668F8 /* APOD_image+CoreDataProperties.swift */; };
		65CF08CB29880814004668F8 /* ImagesCollectionViewController.swift in Sources */ = {isa = PBXBuildFile; fileRef = 65CF08CA29880814004668F8 /* ImagesCollectionViewController.swift */; };
		65D8451C296B29C9008D7708 /* NASA_API.swift in Sources */ = {isa = PBXBuildFile; fileRef = 65D8451B296B29C9008D7708 /* NASA_API.swift */; };
/* End PBXBuildFile section */

/* Begin PBXContainerItemProxy section */
		6539A4F72969FD8600470F80 /* PBXContainerItemProxy */ = {
			isa = PBXContainerItemProxy;
			containerPortal = 6539A4D52969FD8500470F80 /* Project object */;
			proxyType = 1;
			remoteGlobalIDString = 6539A4DC2969FD8500470F80;
			remoteInfo = "Space Report";
		};
		6539A5012969FD8600470F80 /* PBXContainerItemProxy */ = {
			isa = PBXContainerItemProxy;
			containerPortal = 6539A4D52969FD8500470F80 /* Project object */;
			proxyType = 1;
			remoteGlobalIDString = 6539A4DC2969FD8500470F80;
			remoteInfo = "Space Report";
		};
/* End PBXContainerItemProxy section */

/* Begin PBXFileReference section */
		651E314329833DF0009916A5 /* SettingsView.swift */ = {isa = PBXFileReference; lastKnownFileType = sourcecode.swift; path = SettingsView.swift; sourceTree = "<group>"; };
		651E314729837059009916A5 /* PersistenceManager.swift */ = {isa = PBXFileReference; lastKnownFileType = sourcecode.swift; path = PersistenceManager.swift; sourceTree = "<group>"; };
		651E314929837407009916A5 /* UserSettingsKeys.swift */ = {isa = PBXFileReference; lastKnownFileType = sourcecode.swift; path = UserSettingsKeys.swift; sourceTree = "<group>"; };
		651E314B29837A89009916A5 /* Dev.swift */ = {isa = PBXFileReference; lastKnownFileType = sourcecode.swift; path = Dev.swift; sourceTree = "<group>"; };
		651E314F29837C8B009916A5 /* Requests.swift */ = {isa = PBXFileReference; lastKnownFileType = sourcecode.swift; path = Requests.swift; sourceTree = "<group>"; };
		651E315129837CC5009916A5 /* ApodQuery.swift */ = {isa = PBXFileReference; lastKnownFileType = sourcecode.swift; path = ApodQuery.swift; sourceTree = "<group>"; };
		651E315529843B90009916A5 /* UserSettingsManager.swift */ = {isa = PBXFileReference; lastKnownFileType = sourcecode.swift; path = UserSettingsManager.swift; sourceTree = "<group>"; };
		651E3158298449D3009916A5 /* OnboardingView.swift */ = {isa = PBXFileReference; lastKnownFileType = sourcecode.swift; path = OnboardingView.swift; sourceTree = "<group>"; };
		6539A4DD2969FD8500470F80 /* Star Party.app */ = {isa = PBXFileReference; explicitFileType = wrapper.application; includeInIndex = 0; path = "Star Party.app"; sourceTree = BUILT_PRODUCTS_DIR; };
		6539A4E02969FD8500470F80 /* AppDelegate.swift */ = {isa = PBXFileReference; lastKnownFileType = sourcecode.swift; path = AppDelegate.swift; sourceTree = "<group>"; };
		6539A4E22969FD8500470F80 /* SceneDelegate.swift */ = {isa = PBXFileReference; lastKnownFileType = sourcecode.swift; path = SceneDelegate.swift; sourceTree = "<group>"; };
		6539A4EA2969FD8500470F80 /* Space_Report.xcdatamodel */ = {isa = PBXFileReference; lastKnownFileType = wrapper.xcdatamodel; path = Space_Report.xcdatamodel; sourceTree = "<group>"; };
		6539A4EC2969FD8600470F80 /* Assets.xcassets */ = {isa = PBXFileReference; lastKnownFileType = folder.assetcatalog; path = Assets.xcassets; sourceTree = "<group>"; };
		6539A4EF2969FD8600470F80 /* Base */ = {isa = PBXFileReference; lastKnownFileType = file.storyboard; name = Base; path = Base.lproj/LaunchScreen.storyboard; sourceTree = "<group>"; };
		6539A4F12969FD8600470F80 /* Info.plist */ = {isa = PBXFileReference; lastKnownFileType = text.plist.xml; path = Info.plist; sourceTree = "<group>"; };
		6539A4F62969FD8600470F80 /* Star PartyTests.xctest */ = {isa = PBXFileReference; explicitFileType = wrapper.cfbundle; includeInIndex = 0; path = "Star PartyTests.xctest"; sourceTree = BUILT_PRODUCTS_DIR; };
		6539A4FA2969FD8600470F80 /* Space_ReportTests.swift */ = {isa = PBXFileReference; lastKnownFileType = sourcecode.swift; path = Space_ReportTests.swift; sourceTree = "<group>"; };
		6539A5002969FD8600470F80 /* Star PartyUITests.xctest */ = {isa = PBXFileReference; explicitFileType = wrapper.cfbundle; includeInIndex = 0; path = "Star PartyUITests.xctest"; sourceTree = BUILT_PRODUCTS_DIR; };
		6539A5042969FD8600470F80 /* Space_ReportUITests.swift */ = {isa = PBXFileReference; lastKnownFileType = sourcecode.swift; path = Space_ReportUITests.swift; sourceTree = "<group>"; };
		6539A5062969FD8600470F80 /* Space_ReportUITestsLaunchTests.swift */ = {isa = PBXFileReference; lastKnownFileType = sourcecode.swift; path = Space_ReportUITestsLaunchTests.swift; sourceTree = "<group>"; };
		6539A514296A0B3C00470F80 /* Theme.swift */ = {isa = PBXFileReference; lastKnownFileType = sourcecode.swift; path = Theme.swift; sourceTree = "<group>"; };
		6539A51A296A190700470F80 /* api_keys.swift */ = {isa = PBXFileReference; lastKnownFileType = sourcecode.swift; path = api_keys.swift; sourceTree = "<group>"; };
		6539A51D296A1A3100470F80 /* JSON.swift */ = {isa = PBXFileReference; lastKnownFileType = sourcecode.swift; path = JSON.swift; sourceTree = "<group>"; };
		6539A524296A7B4A00470F80 /* APOD_JSON.swift */ = {isa = PBXFileReference; lastKnownFileType = sourcecode.swift; path = APOD_JSON.swift; sourceTree = "<group>"; };
		65634E652972628A00A13D45 /* TodaysApodViewController.swift */ = {isa = PBXFileReference; lastKnownFileType = sourcecode.swift; path = TodaysApodViewController.swift; sourceTree = "<group>"; };
		65634E6B2972693000A13D45 /* DebugViews.swift */ = {isa = PBXFileReference; lastKnownFileType = sourcecode.swift; path = DebugViews.swift; sourceTree = "<group>"; };
		65634E6D2972693B00A13D45 /* UIKitExtensions.swift */ = {isa = PBXFileReference; lastKnownFileType = sourcecode.swift; path = UIKitExtensions.swift; sourceTree = "<group>"; };
		65634E6F2974D55400A13D45 /* NetworkingExtensions.swift */ = {isa = PBXFileReference; lastKnownFileType = sourcecode.swift; path = NetworkingExtensions.swift; sourceTree = "<group>"; };
		65634EBB2977172C00A13D45 /* API_Error.swift */ = {isa = PBXFileReference; lastKnownFileType = sourcecode.swift; path = API_Error.swift; sourceTree = "<group>"; };
		65634EBD297762BA00A13D45 /* ApodViewModel.swift */ = {isa = PBXFileReference; lastKnownFileType = sourcecode.swift; path = ApodViewModel.swift; sourceTree = "<group>"; };
		65634EC02977724C00A13D45 /* ApodDetailViewController.swift */ = {isa = PBXFileReference; lastKnownFileType = sourcecode.swift; path = ApodDetailViewController.swift; sourceTree = "<group>"; };
		65634EC92977B43400A13D45 /* TextLoadingPlaceholder.swift */ = {isa = PBXFileReference; lastKnownFileType = sourcecode.swift; path = TextLoadingPlaceholder.swift; sourceTree = "<group>"; };
		65634ECB2978594D00A13D45 /* BWGradientView.swift */ = {isa = PBXFileReference; lastKnownFileType = sourcecode.swift; path = BWGradientView.swift; sourceTree = "<group>"; };
		65634ECE2978D90600A13D45 /* ApodsGridViewController.swift */ = {isa = PBXFileReference; lastKnownFileType = sourcecode.swift; path = ApodsGridViewController.swift; sourceTree = "<group>"; };
		65634ED02978DEE400A13D45 /* NasaPrimaryButton.swift */ = {isa = PBXFileReference; lastKnownFileType = sourcecode.swift; path = NasaPrimaryButton.swift; sourceTree = "<group>"; };
		65634EDC2979B8D200A13D45 /* random.json */ = {isa = PBXFileReference; lastKnownFileType = text.json; path = random.json; sourceTree = "<group>"; };
		65634EDE2979D1FD00A13D45 /* ApodImageCell.swift */ = {isa = PBXFileReference; lastKnownFileType = sourcecode.swift; path = ApodImageCell.swift; sourceTree = "<group>"; };
		65634EE02979DEBA00A13D45 /* TypeExtensions.swift */ = {isa = PBXFileReference; lastKnownFileType = sourcecode.swift; path = TypeExtensions.swift; sourceTree = "<group>"; };
		65634EE4297A3B9C00A13D45 /* ApodHeaderCell.swift */ = {isa = PBXFileReference; lastKnownFileType = sourcecode.swift; path = ApodHeaderCell.swift; sourceTree = "<group>"; };
		65634EEA297C5DED00A13D45 /* ApodFiltersViewController.swift */ = {isa = PBXFileReference; lastKnownFileType = sourcecode.swift; path = ApodFiltersViewController.swift; sourceTree = "<group>"; };
		65CF08BA29847F8B004668F8 /* SwiftUIExtensions.swift */ = {isa = PBXFileReference; lastKnownFileType = sourcecode.swift; path = SwiftUIExtensions.swift; sourceTree = "<group>"; };
		65CF08BC29848700004668F8 /* Modifiers.swift */ = {isa = PBXFileReference; lastKnownFileType = sourcecode.swift; path = Modifiers.swift; sourceTree = "<group>"; };
		65CF08BE298734A5004668F8 /* APOD+CoreDataClass.swift */ = {isa = PBXFileReference; lastKnownFileType = sourcecode.swift; path = "APOD+CoreDataClass.swift"; sourceTree = "<group>"; };
		65CF08BF298734A5004668F8 /* APOD+CoreDataProperties.swift */ = {isa = PBXFileReference; lastKnownFileType = sourcecode.swift; path = "APOD+CoreDataProperties.swift"; sourceTree = "<group>"; };
		65CF08C2298734F4004668F8 /* APOD_hd_image+CoreDataClass.swift */ = {isa = PBXFileReference; lastKnownFileType = sourcecode.swift; path = "APOD_hd_image+CoreDataClass.swift"; sourceTree = "<group>"; };
		65CF08C3298734F4004668F8 /* APOD_hd_image+CoreDataProperties.swift */ = {isa = PBXFileReference; lastKnownFileType = sourcecode.swift; path = "APOD_hd_image+CoreDataProperties.swift"; sourceTree = "<group>"; };
		65CF08C4298734F4004668F8 /* APOD_image+CoreDataClass.swift */ = {isa = PBXFileReference; lastKnownFileType = sourcecode.swift; path = "APOD_image+CoreDataClass.swift"; sourceTree = "<group>"; };
		65CF08C5298734F4004668F8 /* APOD_image+CoreDataProperties.swift */ = {isa = PBXFileReference; lastKnownFileType = sourcecode.swift; path = "APOD_image+CoreDataProperties.swift"; sourceTree = "<group>"; };
		65CF08CA29880814004668F8 /* ImagesCollectionViewController.swift */ = {isa = PBXFileReference; lastKnownFileType = sourcecode.swift; path = ImagesCollectionViewController.swift; sourceTree = "<group>"; };
		65D8451B296B29C9008D7708 /* NASA_API.swift */ = {isa = PBXFileReference; lastKnownFileType = sourcecode.swift; path = NASA_API.swift; sourceTree = "<group>"; };
/* End PBXFileReference section */

/* Begin PBXFrameworksBuildPhase section */
		6539A4DA2969FD8500470F80 /* Frameworks */ = {
			isa = PBXFrameworksBuildPhase;
			buildActionMask = 2147483647;
			files = (
			);
			runOnlyForDeploymentPostprocessing = 0;
		};
		6539A4F32969FD8600470F80 /* Frameworks */ = {
			isa = PBXFrameworksBuildPhase;
			buildActionMask = 2147483647;
			files = (
			);
			runOnlyForDeploymentPostprocessing = 0;
		};
		6539A4FD2969FD8600470F80 /* Frameworks */ = {
			isa = PBXFrameworksBuildPhase;
			buildActionMask = 2147483647;
			files = (
			);
			runOnlyForDeploymentPostprocessing = 0;
		};
/* End PBXFrameworksBuildPhase section */

/* Begin PBXGroup section */
		651E3138298324A6009916A5 /* Managers */ = {
			isa = PBXGroup;
			children = (
				651E314729837059009916A5 /* PersistenceManager.swift */,
			);
			path = Managers;
			sourceTree = "<group>";
		};
		651E315329837E39009916A5 /* Env */ = {
			isa = PBXGroup;
			children = (
				651E314B29837A89009916A5 /* Dev.swift */,
			);
			path = Env;
			sourceTree = "<group>";
		};
		651E315429842EF0009916A5 /* Extensions */ = {
			isa = PBXGroup;
			children = (
				65634E6F2974D55400A13D45 /* NetworkingExtensions.swift */,
				65634EE02979DEBA00A13D45 /* TypeExtensions.swift */,
				65634E6D2972693B00A13D45 /* UIKitExtensions.swift */,
				65CF08BA29847F8B004668F8 /* SwiftUIExtensions.swift */,
				65CF08BC29848700004668F8 /* Modifiers.swift */,
			);
			path = Extensions;
			sourceTree = "<group>";
		};
		651E3157298449B0009916A5 /* Cells */ = {
			isa = PBXGroup;
			children = (
				65634EE4297A3B9C00A13D45 /* ApodHeaderCell.swift */,
				65634EDE2979D1FD00A13D45 /* ApodImageCell.swift */,
			);
			path = Cells;
			sourceTree = "<group>";
		};
		6539A4D42969FD8500470F80 = {
			isa = PBXGroup;
			children = (
				6539A519296A123800470F80 /* _Secrets */,
				6539A4DF2969FD8500470F80 /* Star Party */,
				6539A4F92969FD8600470F80 /* Star PartyTests */,
				6539A5032969FD8600470F80 /* Star PartyUITests */,
				6539A4DE2969FD8500470F80 /* Products */,
			);
			sourceTree = "<group>";
		};
		6539A4DE2969FD8500470F80 /* Products */ = {
			isa = PBXGroup;
			children = (
				6539A4DD2969FD8500470F80 /* Star Party.app */,
				6539A4F62969FD8600470F80 /* Star PartyTests.xctest */,
				6539A5002969FD8600470F80 /* Star PartyUITests.xctest */,
			);
			name = Products;
			sourceTree = "<group>";
		};
		6539A4DF2969FD8500470F80 /* Star Party */ = {
			isa = PBXGroup;
			children = (
				651E315329837E39009916A5 /* Env */,
				65634E6A2972691C00A13D45 /* Utils */,
				65634E672972644D00A13D45 /* Controllers */,
				6539A523296A7B3B00470F80 /* Models */,
				65634EBF297762C000A13D45 /* ViewModels */,
				65634E642972626B00A13D45 /* Views */,
				651E3138298324A6009916A5 /* Managers */,
				6539A51C296A1A1700470F80 /* API */,
				6539A513296A0B1F00470F80 /* Common */,
				6539A4E02969FD8500470F80 /* AppDelegate.swift */,
				6539A4E22969FD8500470F80 /* SceneDelegate.swift */,
				65634EDC2979B8D200A13D45 /* random.json */,
				6539A4EC2969FD8600470F80 /* Assets.xcassets */,
				6539A4EE2969FD8600470F80 /* LaunchScreen.storyboard */,
				6539A4F12969FD8600470F80 /* Info.plist */,
				6539A4E92969FD8500470F80 /* Star_Party.xcdatamodeld */,
			);
			path = "Star Party";
			sourceTree = "<group>";
		};
		6539A4F92969FD8600470F80 /* Star PartyTests */ = {
			isa = PBXGroup;
			children = (
				6539A4FA2969FD8600470F80 /* Space_ReportTests.swift */,
			);
			path = "Star PartyTests";
			sourceTree = "<group>";
		};
		6539A5032969FD8600470F80 /* Star PartyUITests */ = {
			isa = PBXGroup;
			children = (
				6539A5042969FD8600470F80 /* Space_ReportUITests.swift */,
				6539A5062969FD8600470F80 /* Space_ReportUITestsLaunchTests.swift */,
			);
			path = "Star PartyUITests";
			sourceTree = "<group>";
		};
		6539A513296A0B1F00470F80 /* Common */ = {
			isa = PBXGroup;
			children = (
				65634ECD2978D4E400A13D45 /* TextLoading */,
				651E315529843B90009916A5 /* UserSettingsManager.swift */,
				651E314929837407009916A5 /* UserSettingsKeys.swift */,
				6539A514296A0B3C00470F80 /* Theme.swift */,
				65634ED02978DEE400A13D45 /* NasaPrimaryButton.swift */,
			);
			path = Common;
			sourceTree = "<group>";
		};
		6539A519296A123800470F80 /* _Secrets */ = {
			isa = PBXGroup;
			children = (
				6539A51A296A190700470F80 /* api_keys.swift */,
			);
			path = _Secrets;
			sourceTree = "<group>";
		};
		6539A51C296A1A1700470F80 /* API */ = {
			isa = PBXGroup;
			children = (
				6539A51D296A1A3100470F80 /* JSON.swift */,
				65634EBB2977172C00A13D45 /* API_Error.swift */,
				65D8451B296B29C9008D7708 /* NASA_API.swift */,
				651E314F29837C8B009916A5 /* Requests.swift */,
				651E315129837CC5009916A5 /* ApodQuery.swift */,
			);
			path = API;
			sourceTree = "<group>";
		};
		6539A523296A7B3B00470F80 /* Models */ = {
			isa = PBXGroup;
			children = (
				65D8451A296B2945008D7708 /* NASA */,
			);
			path = Models;
			sourceTree = "<group>";
		};
		65634E642972626B00A13D45 /* Views */ = {
			isa = PBXGroup;
			children = (
				651E3157298449B0009916A5 /* Cells */,
				651E314329833DF0009916A5 /* SettingsView.swift */,
				651E3158298449D3009916A5 /* OnboardingView.swift */,
			);
			path = Views;
			sourceTree = "<group>";
		};
		65634E672972644D00A13D45 /* Controllers */ = {
			isa = PBXGroup;
			children = (
				65634E652972628A00A13D45 /* TodaysApodViewController.swift */,
				65634EEA297C5DED00A13D45 /* ApodFiltersViewController.swift */,
				65634EC02977724C00A13D45 /* ApodDetailViewController.swift */,
				65634ECE2978D90600A13D45 /* ApodsGridViewController.swift */,
				65CF08CA29880814004668F8 /* ImagesCollectionViewController.swift */,
			);
			path = Controllers;
			sourceTree = "<group>";
		};
		65634E6A2972691C00A13D45 /* Utils */ = {
			isa = PBXGroup;
			children = (
				651E315429842EF0009916A5 /* Extensions */,
				65634E6B2972693000A13D45 /* DebugViews.swift */,
			);
			path = Utils;
			sourceTree = "<group>";
		};
		65634EBF297762C000A13D45 /* ViewModels */ = {
			isa = PBXGroup;
			children = (
				65634EBD297762BA00A13D45 /* ApodViewModel.swift */,
			);
			path = ViewModels;
			sourceTree = "<group>";
		};
		65634ECD2978D4E400A13D45 /* TextLoading */ = {
			isa = PBXGroup;
			children = (
				65634EC92977B43400A13D45 /* TextLoadingPlaceholder.swift */,
				65634ECB2978594D00A13D45 /* BWGradientView.swift */,
			);
			path = TextLoading;
			sourceTree = "<group>";
		};
		65D8451A296B2945008D7708 /* NASA */ = {
			isa = PBXGroup;
			children = (
				65CF08C2298734F4004668F8 /* APOD_hd_image+CoreDataClass.swift */,
				65CF08C3298734F4004668F8 /* APOD_hd_image+CoreDataProperties.swift */,
				65CF08C4298734F4004668F8 /* APOD_image+CoreDataClass.swift */,
				65CF08C5298734F4004668F8 /* APOD_image+CoreDataProperties.swift */,
				65CF08BE298734A5004668F8 /* APOD+CoreDataClass.swift */,
				65CF08BF298734A5004668F8 /* APOD+CoreDataProperties.swift */,
				6539A524296A7B4A00470F80 /* APOD_JSON.swift */,
			);
			path = NASA;
			sourceTree = "<group>";
		};
/* End PBXGroup section */

/* Begin PBXNativeTarget section */
		6539A4DC2969FD8500470F80 /* Star Party */ = {
			isa = PBXNativeTarget;
			buildConfigurationList = 6539A50A2969FD8600470F80 /* Build configuration list for PBXNativeTarget "Star Party" */;
			buildPhases = (
				6539A4D92969FD8500470F80 /* Sources */,
				6539A4DA2969FD8500470F80 /* Frameworks */,
				6539A4DB2969FD8500470F80 /* Resources */,
			);
			buildRules = (
			);
			dependencies = (
			);
			name = "Star Party";
			productName = "Space Report";
			productReference = 6539A4DD2969FD8500470F80 /* Star Party.app */;
			productType = "com.apple.product-type.application";
		};
		6539A4F52969FD8600470F80 /* Star PartyTests */ = {
			isa = PBXNativeTarget;
			buildConfigurationList = 6539A50D2969FD8600470F80 /* Build configuration list for PBXNativeTarget "Star PartyTests" */;
			buildPhases = (
				6539A4F22969FD8600470F80 /* Sources */,
				6539A4F32969FD8600470F80 /* Frameworks */,
				6539A4F42969FD8600470F80 /* Resources */,
			);
			buildRules = (
			);
			dependencies = (
				6539A4F82969FD8600470F80 /* PBXTargetDependency */,
			);
			name = "Star PartyTests";
			productName = "Space ReportTests";
			productReference = 6539A4F62969FD8600470F80 /* Star PartyTests.xctest */;
			productType = "com.apple.product-type.bundle.unit-test";
		};
		6539A4FF2969FD8600470F80 /* Star PartyUITests */ = {
			isa = PBXNativeTarget;
			buildConfigurationList = 6539A5102969FD8600470F80 /* Build configuration list for PBXNativeTarget "Star PartyUITests" */;
			buildPhases = (
				6539A4FC2969FD8600470F80 /* Sources */,
				6539A4FD2969FD8600470F80 /* Frameworks */,
				6539A4FE2969FD8600470F80 /* Resources */,
			);
			buildRules = (
			);
			dependencies = (
				6539A5022969FD8600470F80 /* PBXTargetDependency */,
			);
			name = "Star PartyUITests";
			productName = "Space ReportUITests";
			productReference = 6539A5002969FD8600470F80 /* Star PartyUITests.xctest */;
			productType = "com.apple.product-type.bundle.ui-testing";
		};
/* End PBXNativeTarget section */

/* Begin PBXProject section */
		6539A4D52969FD8500470F80 /* Project object */ = {
			isa = PBXProject;
			attributes = {
				BuildIndependentTargetsInParallel = 1;
				LastSwiftUpdateCheck = 1420;
				LastUpgradeCheck = 1420;
				TargetAttributes = {
					6539A4DC2969FD8500470F80 = {
						CreatedOnToolsVersion = 14.2;
					};
					6539A4F52969FD8600470F80 = {
						CreatedOnToolsVersion = 14.2;
						TestTargetID = 6539A4DC2969FD8500470F80;
					};
					6539A4FF2969FD8600470F80 = {
						CreatedOnToolsVersion = 14.2;
						TestTargetID = 6539A4DC2969FD8500470F80;
					};
				};
			};
			buildConfigurationList = 6539A4D82969FD8500470F80 /* Build configuration list for PBXProject "Star Party" */;
			compatibilityVersion = "Xcode 14.0";
			developmentRegion = en;
			hasScannedForEncodings = 0;
			knownRegions = (
				en,
				Base,
			);
			mainGroup = 6539A4D42969FD8500470F80;
			productRefGroup = 6539A4DE2969FD8500470F80 /* Products */;
			projectDirPath = "";
			projectRoot = "";
			targets = (
				6539A4DC2969FD8500470F80 /* Star Party */,
				6539A4F52969FD8600470F80 /* Star PartyTests */,
				6539A4FF2969FD8600470F80 /* Star PartyUITests */,
			);
		};
/* End PBXProject section */

/* Begin PBXResourcesBuildPhase section */
		6539A4DB2969FD8500470F80 /* Resources */ = {
			isa = PBXResourcesBuildPhase;
			buildActionMask = 2147483647;
			files = (
				65634EDD2979B8D200A13D45 /* random.json in Resources */,
				6539A4F02969FD8600470F80 /* LaunchScreen.storyboard in Resources */,
				6539A4ED2969FD8600470F80 /* Assets.xcassets in Resources */,
			);
			runOnlyForDeploymentPostprocessing = 0;
		};
		6539A4F42969FD8600470F80 /* Resources */ = {
			isa = PBXResourcesBuildPhase;
			buildActionMask = 2147483647;
			files = (
			);
			runOnlyForDeploymentPostprocessing = 0;
		};
		6539A4FE2969FD8600470F80 /* Resources */ = {
			isa = PBXResourcesBuildPhase;
			buildActionMask = 2147483647;
			files = (
			);
			runOnlyForDeploymentPostprocessing = 0;
		};
/* End PBXResourcesBuildPhase section */

/* Begin PBXSourcesBuildPhase section */
		6539A4D92969FD8500470F80 /* Sources */ = {
			isa = PBXSourcesBuildPhase;
			buildActionMask = 2147483647;
			files = (
				65D8451C296B29C9008D7708 /* NASA_API.swift in Sources */,
				65CF08BD29848700004668F8 /* Modifiers.swift in Sources */,
				651E315029837C8B009916A5 /* Requests.swift in Sources */,
				65634ED12978DEE400A13D45 /* NasaPrimaryButton.swift in Sources */,
				651E315629843B90009916A5 /* UserSettingsManager.swift in Sources */,
				6539A51B296A190700470F80 /* api_keys.swift in Sources */,
				651E315229837CC5009916A5 /* ApodQuery.swift in Sources */,
				6539A4EB2969FD8500470F80 /* Star_Party.xcdatamodeld in Sources */,
				65CF08CB29880814004668F8 /* ImagesCollectionViewController.swift in Sources */,
				6539A515296A0B3C00470F80 /* Theme.swift in Sources */,
				65CF08C8298734F4004668F8 /* APOD_image+CoreDataClass.swift in Sources */,
				65634EE12979DEBA00A13D45 /* TypeExtensions.swift in Sources */,
				65634EEB297C5DED00A13D45 /* ApodFiltersViewController.swift in Sources */,
				6539A525296A7B4A00470F80 /* APOD_JSON.swift in Sources */,
				65634EBC2977172C00A13D45 /* API_Error.swift in Sources */,
				65CF08C0298734A5004668F8 /* APOD+CoreDataClass.swift in Sources */,
				65634EDF2979D1FD00A13D45 /* ApodImageCell.swift in Sources */,
				65CF08C6298734F4004668F8 /* APOD_hd_image+CoreDataClass.swift in Sources */,
				65CF08BB29847F8B004668F8 /* SwiftUIExtensions.swift in Sources */,
				65CF08C7298734F4004668F8 /* APOD_hd_image+CoreDataProperties.swift in Sources */,
				6539A51E296A1A3100470F80 /* JSON.swift in Sources */,
				651E314C29837A89009916A5 /* Dev.swift in Sources */,
				65634ECA2977B43400A13D45 /* TextLoadingPlaceholder.swift in Sources */,
				65CF08C1298734A5004668F8 /* APOD+CoreDataProperties.swift in Sources */,
				65634ECF2978D90600A13D45 /* ApodsGridViewController.swift in Sources */,
				65634EE5297A3B9C00A13D45 /* ApodHeaderCell.swift in Sources */,
				651E314829837059009916A5 /* PersistenceManager.swift in Sources */,
				65634E702974D55400A13D45 /* NetworkingExtensions.swift in Sources */,
				65634EC12977724C00A13D45 /* ApodDetailViewController.swift in Sources */,
				65634E662972628A00A13D45 /* TodaysApodViewController.swift in Sources */,
				65634E6C2972693000A13D45 /* DebugViews.swift in Sources */,
				65CF08C9298734F4004668F8 /* APOD_image+CoreDataProperties.swift in Sources */,
				6539A4E12969FD8500470F80 /* AppDelegate.swift in Sources */,
				6539A4E32969FD8500470F80 /* SceneDelegate.swift in Sources */,
				651E314A29837407009916A5 /* UserSettingsKeys.swift in Sources */,
				65634EBE297762BA00A13D45 /* ApodViewModel.swift in Sources */,
				651E314429833DF0009916A5 /* SettingsView.swift in Sources */,
				65634E6E2972693B00A13D45 /* UIKitExtensions.swift in Sources */,
				65634ECC2978594D00A13D45 /* BWGradientView.swift in Sources */,
				651E3159298449D3009916A5 /* OnboardingView.swift in Sources */,
			);
			runOnlyForDeploymentPostprocessing = 0;
		};
		6539A4F22969FD8600470F80 /* Sources */ = {
			isa = PBXSourcesBuildPhase;
			buildActionMask = 2147483647;
			files = (
				6539A4FB2969FD8600470F80 /* Space_ReportTests.swift in Sources */,
			);
			runOnlyForDeploymentPostprocessing = 0;
		};
		6539A4FC2969FD8600470F80 /* Sources */ = {
			isa = PBXSourcesBuildPhase;
			buildActionMask = 2147483647;
			files = (
				6539A5052969FD8600470F80 /* Space_ReportUITests.swift in Sources */,
				6539A5072969FD8600470F80 /* Space_ReportUITestsLaunchTests.swift in Sources */,
			);
			runOnlyForDeploymentPostprocessing = 0;
		};
/* End PBXSourcesBuildPhase section */

/* Begin PBXTargetDependency section */
		6539A4F82969FD8600470F80 /* PBXTargetDependency */ = {
			isa = PBXTargetDependency;
			target = 6539A4DC2969FD8500470F80 /* Star Party */;
			targetProxy = 6539A4F72969FD8600470F80 /* PBXContainerItemProxy */;
		};
		6539A5022969FD8600470F80 /* PBXTargetDependency */ = {
			isa = PBXTargetDependency;
			target = 6539A4DC2969FD8500470F80 /* Star Party */;
			targetProxy = 6539A5012969FD8600470F80 /* PBXContainerItemProxy */;
		};
/* End PBXTargetDependency section */

/* Begin PBXVariantGroup section */
		6539A4EE2969FD8600470F80 /* LaunchScreen.storyboard */ = {
			isa = PBXVariantGroup;
			children = (
				6539A4EF2969FD8600470F80 /* Base */,
			);
			name = LaunchScreen.storyboard;
			sourceTree = "<group>";
		};
/* End PBXVariantGroup section */

/* Begin XCBuildConfiguration section */
		6539A5082969FD8600470F80 /* Debug */ = {
			isa = XCBuildConfiguration;
			buildSettings = {
				ALWAYS_SEARCH_USER_PATHS = NO;
				CLANG_ANALYZER_NONNULL = YES;
				CLANG_ANALYZER_NUMBER_OBJECT_CONVERSION = YES_AGGRESSIVE;
				CLANG_CXX_LANGUAGE_STANDARD = "gnu++20";
				CLANG_ENABLE_MODULES = YES;
				CLANG_ENABLE_OBJC_ARC = YES;
				CLANG_ENABLE_OBJC_WEAK = YES;
				CLANG_WARN_BLOCK_CAPTURE_AUTORELEASING = YES;
				CLANG_WARN_BOOL_CONVERSION = YES;
				CLANG_WARN_COMMA = YES;
				CLANG_WARN_CONSTANT_CONVERSION = YES;
				CLANG_WARN_DEPRECATED_OBJC_IMPLEMENTATIONS = YES;
				CLANG_WARN_DIRECT_OBJC_ISA_USAGE = YES_ERROR;
				CLANG_WARN_DOCUMENTATION_COMMENTS = YES;
				CLANG_WARN_EMPTY_BODY = YES;
				CLANG_WARN_ENUM_CONVERSION = YES;
				CLANG_WARN_INFINITE_RECURSION = YES;
				CLANG_WARN_INT_CONVERSION = YES;
				CLANG_WARN_NON_LITERAL_NULL_CONVERSION = YES;
				CLANG_WARN_OBJC_IMPLICIT_RETAIN_SELF = YES;
				CLANG_WARN_OBJC_LITERAL_CONVERSION = YES;
				CLANG_WARN_OBJC_ROOT_CLASS = YES_ERROR;
				CLANG_WARN_QUOTED_INCLUDE_IN_FRAMEWORK_HEADER = YES;
				CLANG_WARN_RANGE_LOOP_ANALYSIS = YES;
				CLANG_WARN_STRICT_PROTOTYPES = YES;
				CLANG_WARN_SUSPICIOUS_MOVE = YES;
				CLANG_WARN_UNGUARDED_AVAILABILITY = YES_AGGRESSIVE;
				CLANG_WARN_UNREACHABLE_CODE = YES;
				CLANG_WARN__DUPLICATE_METHOD_MATCH = YES;
				COPY_PHASE_STRIP = NO;
				DEBUG_INFORMATION_FORMAT = dwarf;
				ENABLE_STRICT_OBJC_MSGSEND = YES;
				ENABLE_TESTABILITY = YES;
				GCC_C_LANGUAGE_STANDARD = gnu11;
				GCC_DYNAMIC_NO_PIC = NO;
				GCC_NO_COMMON_BLOCKS = YES;
				GCC_OPTIMIZATION_LEVEL = 0;
				GCC_PREPROCESSOR_DEFINITIONS = (
					"DEBUG=1",
					"$(inherited)",
				);
				GCC_WARN_64_TO_32_BIT_CONVERSION = YES;
				GCC_WARN_ABOUT_RETURN_TYPE = YES_ERROR;
				GCC_WARN_UNDECLARED_SELECTOR = YES;
				GCC_WARN_UNINITIALIZED_AUTOS = YES_AGGRESSIVE;
				GCC_WARN_UNUSED_FUNCTION = YES;
				GCC_WARN_UNUSED_VARIABLE = YES;
				IPHONEOS_DEPLOYMENT_TARGET = 16.2;
				MTL_ENABLE_DEBUG_INFO = INCLUDE_SOURCE;
				MTL_FAST_MATH = YES;
				ONLY_ACTIVE_ARCH = YES;
				SDKROOT = iphoneos;
				SWIFT_ACTIVE_COMPILATION_CONDITIONS = DEBUG;
				SWIFT_OPTIMIZATION_LEVEL = "-Onone";
			};
			name = Debug;
		};
		6539A5092969FD8600470F80 /* Release */ = {
			isa = XCBuildConfiguration;
			buildSettings = {
				ALWAYS_SEARCH_USER_PATHS = NO;
				CLANG_ANALYZER_NONNULL = YES;
				CLANG_ANALYZER_NUMBER_OBJECT_CONVERSION = YES_AGGRESSIVE;
				CLANG_CXX_LANGUAGE_STANDARD = "gnu++20";
				CLANG_ENABLE_MODULES = YES;
				CLANG_ENABLE_OBJC_ARC = YES;
				CLANG_ENABLE_OBJC_WEAK = YES;
				CLANG_WARN_BLOCK_CAPTURE_AUTORELEASING = YES;
				CLANG_WARN_BOOL_CONVERSION = YES;
				CLANG_WARN_COMMA = YES;
				CLANG_WARN_CONSTANT_CONVERSION = YES;
				CLANG_WARN_DEPRECATED_OBJC_IMPLEMENTATIONS = YES;
				CLANG_WARN_DIRECT_OBJC_ISA_USAGE = YES_ERROR;
				CLANG_WARN_DOCUMENTATION_COMMENTS = YES;
				CLANG_WARN_EMPTY_BODY = YES;
				CLANG_WARN_ENUM_CONVERSION = YES;
				CLANG_WARN_INFINITE_RECURSION = YES;
				CLANG_WARN_INT_CONVERSION = YES;
				CLANG_WARN_NON_LITERAL_NULL_CONVERSION = YES;
				CLANG_WARN_OBJC_IMPLICIT_RETAIN_SELF = YES;
				CLANG_WARN_OBJC_LITERAL_CONVERSION = YES;
				CLANG_WARN_OBJC_ROOT_CLASS = YES_ERROR;
				CLANG_WARN_QUOTED_INCLUDE_IN_FRAMEWORK_HEADER = YES;
				CLANG_WARN_RANGE_LOOP_ANALYSIS = YES;
				CLANG_WARN_STRICT_PROTOTYPES = YES;
				CLANG_WARN_SUSPICIOUS_MOVE = YES;
				CLANG_WARN_UNGUARDED_AVAILABILITY = YES_AGGRESSIVE;
				CLANG_WARN_UNREACHABLE_CODE = YES;
				CLANG_WARN__DUPLICATE_METHOD_MATCH = YES;
				COPY_PHASE_STRIP = NO;
				DEBUG_INFORMATION_FORMAT = "dwarf-with-dsym";
				ENABLE_NS_ASSERTIONS = NO;
				ENABLE_STRICT_OBJC_MSGSEND = YES;
				GCC_C_LANGUAGE_STANDARD = gnu11;
				GCC_NO_COMMON_BLOCKS = YES;
				GCC_WARN_64_TO_32_BIT_CONVERSION = YES;
				GCC_WARN_ABOUT_RETURN_TYPE = YES_ERROR;
				GCC_WARN_UNDECLARED_SELECTOR = YES;
				GCC_WARN_UNINITIALIZED_AUTOS = YES_AGGRESSIVE;
				GCC_WARN_UNUSED_FUNCTION = YES;
				GCC_WARN_UNUSED_VARIABLE = YES;
				IPHONEOS_DEPLOYMENT_TARGET = 16.2;
				MTL_ENABLE_DEBUG_INFO = NO;
				MTL_FAST_MATH = YES;
				SDKROOT = iphoneos;
				SWIFT_COMPILATION_MODE = wholemodule;
				SWIFT_OPTIMIZATION_LEVEL = "-O";
				VALIDATE_PRODUCT = YES;
			};
			name = Release;
		};
		6539A50B2969FD8600470F80 /* Debug */ = {
			isa = XCBuildConfiguration;
			buildSettings = {
				ASSETCATALOG_COMPILER_APPICON_NAME = AppIcon;
				ASSETCATALOG_COMPILER_GLOBAL_ACCENT_COLOR_NAME = AccentColor;
				CODE_SIGN_STYLE = Automatic;
				CURRENT_PROJECT_VERSION = 1;
				DEVELOPMENT_TEAM = 627A94M9D3;
				GENERATE_INFOPLIST_FILE = YES;
				INFOPLIST_FILE = "Star Party/Info.plist";
				INFOPLIST_KEY_LSApplicationCategoryType = "public.app-category.news";
				INFOPLIST_KEY_UIApplicationSupportsIndirectInputEvents = YES;
				INFOPLIST_KEY_UILaunchStoryboardName = LaunchScreen.storyboard;
				INFOPLIST_KEY_UIMainStoryboardFile = "";
				INFOPLIST_KEY_UISupportedInterfaceOrientations = UIInterfaceOrientationPortrait;
				INFOPLIST_KEY_UISupportedInterfaceOrientations_iPad = "UIInterfaceOrientationLandscapeLeft UIInterfaceOrientationLandscapeRight UIInterfaceOrientationPortrait UIInterfaceOrientationPortraitUpsideDown";
				IPHONEOS_DEPLOYMENT_TARGET = 14.0;
				LD_RUNPATH_SEARCH_PATHS = (
					"$(inherited)",
					"@executable_path/Frameworks",
				);
				MARKETING_VERSION = 1.0;
				PRODUCT_BUNDLE_IDENTIFIER = "com.DakotaHavel.Space-Report";
				PRODUCT_NAME = "$(TARGET_NAME)";
				SUPPORTED_PLATFORMS = "iphoneos iphonesimulator";
				SUPPORTS_MACCATALYST = NO;
				SUPPORTS_MAC_DESIGNED_FOR_IPHONE_IPAD = NO;
				SWIFT_EMIT_LOC_STRINGS = YES;
				SWIFT_VERSION = 5.0;
				TARGETED_DEVICE_FAMILY = 1;
			};
			name = Debug;
		};
		6539A50C2969FD8600470F80 /* Release */ = {
			isa = XCBuildConfiguration;
			buildSettings = {
				ASSETCATALOG_COMPILER_APPICON_NAME = AppIcon;
				ASSETCATALOG_COMPILER_GLOBAL_ACCENT_COLOR_NAME = AccentColor;
				CODE_SIGN_STYLE = Automatic;
				CURRENT_PROJECT_VERSION = 1;
				DEVELOPMENT_TEAM = 627A94M9D3;
				GENERATE_INFOPLIST_FILE = YES;
				INFOPLIST_FILE = "Star Party/Info.plist";
				INFOPLIST_KEY_LSApplicationCategoryType = "public.app-category.news";
				INFOPLIST_KEY_UIApplicationSupportsIndirectInputEvents = YES;
				INFOPLIST_KEY_UILaunchStoryboardName = LaunchScreen.storyboard;
				INFOPLIST_KEY_UIMainStoryboardFile = "";
				INFOPLIST_KEY_UISupportedInterfaceOrientations = UIInterfaceOrientationPortrait;
				INFOPLIST_KEY_UISupportedInterfaceOrientations_iPad = "UIInterfaceOrientationLandscapeLeft UIInterfaceOrientationLandscapeRight UIInterfaceOrientationPortrait UIInterfaceOrientationPortraitUpsideDown";
				IPHONEOS_DEPLOYMENT_TARGET = 14.0;
				LD_RUNPATH_SEARCH_PATHS = (
					"$(inherited)",
					"@executable_path/Frameworks",
				);
				MARKETING_VERSION = 1.0;
				PRODUCT_BUNDLE_IDENTIFIER = "com.DakotaHavel.Space-Report";
				PRODUCT_NAME = "$(TARGET_NAME)";
				SUPPORTED_PLATFORMS = "iphoneos iphonesimulator";
				SUPPORTS_MACCATALYST = NO;
				SUPPORTS_MAC_DESIGNED_FOR_IPHONE_IPAD = NO;
				SWIFT_EMIT_LOC_STRINGS = YES;
				SWIFT_VERSION = 5.0;
				TARGETED_DEVICE_FAMILY = 1;
			};
			name = Release;
		};
		6539A50E2969FD8600470F80 /* Debug */ = {
			isa = XCBuildConfiguration;
			buildSettings = {
				ALWAYS_EMBED_SWIFT_STANDARD_LIBRARIES = YES;
				BUNDLE_LOADER = "$(TEST_HOST)";
				CODE_SIGN_STYLE = Automatic;
				CURRENT_PROJECT_VERSION = 1;
				DEVELOPMENT_TEAM = 627A94M9D3;
				GENERATE_INFOPLIST_FILE = YES;
				IPHONEOS_DEPLOYMENT_TARGET = 16.2;
				MARKETING_VERSION = 1.0;
				PRODUCT_BUNDLE_IDENTIFIER = "com.DakotaHavel.Space-ReportTests";
				PRODUCT_NAME = "$(TARGET_NAME)";
				SWIFT_EMIT_LOC_STRINGS = NO;
				SWIFT_VERSION = 5.0;
				TARGETED_DEVICE_FAMILY = "1,2";
				TEST_HOST = "$(BUILT_PRODUCTS_DIR)/Star Party.app/$(BUNDLE_EXECUTABLE_FOLDER_PATH)/Star Party";
			};
			name = Debug;
		};
		6539A50F2969FD8600470F80 /* Release */ = {
			isa = XCBuildConfiguration;
			buildSettings = {
				ALWAYS_EMBED_SWIFT_STANDARD_LIBRARIES = YES;
				BUNDLE_LOADER = "$(TEST_HOST)";
				CODE_SIGN_STYLE = Automatic;
				CURRENT_PROJECT_VERSION = 1;
				DEVELOPMENT_TEAM = 627A94M9D3;
				GENERATE_INFOPLIST_FILE = YES;
				IPHONEOS_DEPLOYMENT_TARGET = 16.2;
				MARKETING_VERSION = 1.0;
				PRODUCT_BUNDLE_IDENTIFIER = "com.DakotaHavel.Space-ReportTests";
				PRODUCT_NAME = "$(TARGET_NAME)";
				SWIFT_EMIT_LOC_STRINGS = NO;
				SWIFT_VERSION = 5.0;
				TARGETED_DEVICE_FAMILY = "1,2";
				TEST_HOST = "$(BUILT_PRODUCTS_DIR)/Star Party.app/$(BUNDLE_EXECUTABLE_FOLDER_PATH)/Star Party";
			};
			name = Release;
		};
		6539A5112969FD8600470F80 /* Debug */ = {
			isa = XCBuildConfiguration;
			buildSettings = {
				ALWAYS_EMBED_SWIFT_STANDARD_LIBRARIES = YES;
				CODE_SIGN_STYLE = Automatic;
				CURRENT_PROJECT_VERSION = 1;
				DEVELOPMENT_TEAM = 627A94M9D3;
				GENERATE_INFOPLIST_FILE = YES;
				MARKETING_VERSION = 1.0;
				PRODUCT_BUNDLE_IDENTIFIER = "com.DakotaHavel.Space-ReportUITests";
				PRODUCT_NAME = "$(TARGET_NAME)";
				SWIFT_EMIT_LOC_STRINGS = NO;
				SWIFT_VERSION = 5.0;
				TARGETED_DEVICE_FAMILY = "1,2";
				TEST_TARGET_NAME = "Space Report";
			};
			name = Debug;
		};
		6539A5122969FD8600470F80 /* Release */ = {
			isa = XCBuildConfiguration;
			buildSettings = {
				ALWAYS_EMBED_SWIFT_STANDARD_LIBRARIES = YES;
				CODE_SIGN_STYLE = Automatic;
				CURRENT_PROJECT_VERSION = 1;
				DEVELOPMENT_TEAM = 627A94M9D3;
				GENERATE_INFOPLIST_FILE = YES;
				MARKETING_VERSION = 1.0;
				PRODUCT_BUNDLE_IDENTIFIER = "com.DakotaHavel.Space-ReportUITests";
				PRODUCT_NAME = "$(TARGET_NAME)";
				SWIFT_EMIT_LOC_STRINGS = NO;
				SWIFT_VERSION = 5.0;
				TARGETED_DEVICE_FAMILY = "1,2";
				TEST_TARGET_NAME = "Space Report";
			};
			name = Release;
		};
/* End XCBuildConfiguration section */

/* Begin XCConfigurationList section */
		6539A4D82969FD8500470F80 /* Build configuration list for PBXProject "Star Party" */ = {
			isa = XCConfigurationList;
			buildConfigurations = (
				6539A5082969FD8600470F80 /* Debug */,
				6539A5092969FD8600470F80 /* Release */,
			);
			defaultConfigurationIsVisible = 0;
			defaultConfigurationName = Release;
		};
		6539A50A2969FD8600470F80 /* Build configuration list for PBXNativeTarget "Star Party" */ = {
			isa = XCConfigurationList;
			buildConfigurations = (
				6539A50B2969FD8600470F80 /* Debug */,
				6539A50C2969FD8600470F80 /* Release */,
			);
			defaultConfigurationIsVisible = 0;
			defaultConfigurationName = Release;
		};
		6539A50D2969FD8600470F80 /* Build configuration list for PBXNativeTarget "Star PartyTests" */ = {
			isa = XCConfigurationList;
			buildConfigurations = (
				6539A50E2969FD8600470F80 /* Debug */,
				6539A50F2969FD8600470F80 /* Release */,
			);
			defaultConfigurationIsVisible = 0;
			defaultConfigurationName = Release;
		};
		6539A5102969FD8600470F80 /* Build configuration list for PBXNativeTarget "Star PartyUITests" */ = {
			isa = XCConfigurationList;
			buildConfigurations = (
				6539A5112969FD8600470F80 /* Debug */,
				6539A5122969FD8600470F80 /* Release */,
			);
			defaultConfigurationIsVisible = 0;
			defaultConfigurationName = Release;
		};
/* End XCConfigurationList section */

/* Begin XCVersionGroup section */
		6539A4E92969FD8500470F80 /* Star_Party.xcdatamodeld */ = {
			isa = XCVersionGroup;
			children = (
				6539A4EA2969FD8500470F80 /* Space_Report.xcdatamodel */,
			);
			currentVersion = 6539A4EA2969FD8500470F80 /* Space_Report.xcdatamodel */;
			path = Star_Party.xcdatamodeld;
			sourceTree = "<group>";
			versionGroupType = wrapper.xcdatamodel;
		};
/* End XCVersionGroup section */
	};
	rootObject = 6539A4D52969FD8500470F80 /* Project object */;
}
