// !$*UTF8*$!
{
	archiveVersion = 1;
	classes = {
	};
	objectVersion = 56;
	objects = {

/* Begin PBXBuildFile section */
		6539A4E12969FD8500470F80 /* AppDelegate.swift in Sources */ = {isa = PBXBuildFile; fileRef = 6539A4E02969FD8500470F80 /* AppDelegate.swift */; };
		6539A4E32969FD8500470F80 /* SceneDelegate.swift in Sources */ = {isa = PBXBuildFile; fileRef = 6539A4E22969FD8500470F80 /* SceneDelegate.swift */; };
		6539A4EB2969FD8500470F80 /* Space_Report.xcdatamodeld in Sources */ = {isa = PBXBuildFile; fileRef = 6539A4E92969FD8500470F80 /* Space_Report.xcdatamodeld */; };
		6539A4ED2969FD8600470F80 /* Assets.xcassets in Resources */ = {isa = PBXBuildFile; fileRef = 6539A4EC2969FD8600470F80 /* Assets.xcassets */; };
		6539A4F02969FD8600470F80 /* LaunchScreen.storyboard in Resources */ = {isa = PBXBuildFile; fileRef = 6539A4EE2969FD8600470F80 /* LaunchScreen.storyboard */; };
		6539A4FB2969FD8600470F80 /* Space_ReportTests.swift in Sources */ = {isa = PBXBuildFile; fileRef = 6539A4FA2969FD8600470F80 /* Space_ReportTests.swift */; };
		6539A5052969FD8600470F80 /* Space_ReportUITests.swift in Sources */ = {isa = PBXBuildFile; fileRef = 6539A5042969FD8600470F80 /* Space_ReportUITests.swift */; };
		6539A5072969FD8600470F80 /* Space_ReportUITestsLaunchTests.swift in Sources */ = {isa = PBXBuildFile; fileRef = 6539A5062969FD8600470F80 /* Space_ReportUITestsLaunchTests.swift */; };
		6539A515296A0B3C00470F80 /* Colors.swift in Sources */ = {isa = PBXBuildFile; fileRef = 6539A514296A0B3C00470F80 /* Colors.swift */; };
		6539A51B296A190700470F80 /* api_keys.swift in Sources */ = {isa = PBXBuildFile; fileRef = 6539A51A296A190700470F80 /* api_keys.swift */; };
		6539A51E296A1A3100470F80 /* json.swift in Sources */ = {isa = PBXBuildFile; fileRef = 6539A51D296A1A3100470F80 /* json.swift */; };
		6539A525296A7B4A00470F80 /* APOD.swift in Sources */ = {isa = PBXBuildFile; fileRef = 6539A524296A7B4A00470F80 /* APOD.swift */; };
		65634E662972628A00A13D45 /* TodaysApodViewController.swift in Sources */ = {isa = PBXBuildFile; fileRef = 65634E652972628A00A13D45 /* TodaysApodViewController.swift */; };
		65634E6C2972693000A13D45 /* DebugViews.swift in Sources */ = {isa = PBXBuildFile; fileRef = 65634E6B2972693000A13D45 /* DebugViews.swift */; };
		65634E6E2972693B00A13D45 /* UIKitExtensions.swift in Sources */ = {isa = PBXBuildFile; fileRef = 65634E6D2972693B00A13D45 /* UIKitExtensions.swift */; };
		65634E702974D55400A13D45 /* NetworkingExtensions.swift in Sources */ = {isa = PBXBuildFile; fileRef = 65634E6F2974D55400A13D45 /* NetworkingExtensions.swift */; };
		65634EBC2977172C00A13D45 /* apiError.swift in Sources */ = {isa = PBXBuildFile; fileRef = 65634EBB2977172C00A13D45 /* apiError.swift */; };
		65634EBE297762BA00A13D45 /* ApodViewModel.swift in Sources */ = {isa = PBXBuildFile; fileRef = 65634EBD297762BA00A13D45 /* ApodViewModel.swift */; };
		65634EC12977724C00A13D45 /* ApodDetailView.swift in Sources */ = {isa = PBXBuildFile; fileRef = 65634EC02977724C00A13D45 /* ApodDetailView.swift */; };
		65634ECA2977B43400A13D45 /* TextLoadingPlaceholder.swift in Sources */ = {isa = PBXBuildFile; fileRef = 65634EC92977B43400A13D45 /* TextLoadingPlaceholder.swift */; };
		65634ECC2978594D00A13D45 /* BWGradientView.swift in Sources */ = {isa = PBXBuildFile; fileRef = 65634ECB2978594D00A13D45 /* BWGradientView.swift */; };
		65634ECF2978D90600A13D45 /* ApodsGridViewController.swift in Sources */ = {isa = PBXBuildFile; fileRef = 65634ECE2978D90600A13D45 /* ApodsGridViewController.swift */; };
		65634ED12978DEE400A13D45 /* NasaPrimaryButton.swift in Sources */ = {isa = PBXBuildFile; fileRef = 65634ED02978DEE400A13D45 /* NasaPrimaryButton.swift */; };
		65634EDD2979B8D200A13D45 /* random.json in Resources */ = {isa = PBXBuildFile; fileRef = 65634EDC2979B8D200A13D45 /* random.json */; };
		65634EDF2979D1FD00A13D45 /* ApodImageCell.swift in Sources */ = {isa = PBXBuildFile; fileRef = 65634EDE2979D1FD00A13D45 /* ApodImageCell.swift */; };
		65634EE12979DEBA00A13D45 /* StandardTypeExtensions.swift in Sources */ = {isa = PBXBuildFile; fileRef = 65634EE02979DEBA00A13D45 /* StandardTypeExtensions.swift */; };
		65634EE5297A3B9C00A13D45 /* ApodHeaderCell.swift in Sources */ = {isa = PBXBuildFile; fileRef = 65634EE4297A3B9C00A13D45 /* ApodHeaderCell.swift */; };
		65D8451C296B29C9008D7708 /* nasaAPI.swift in Sources */ = {isa = PBXBuildFile; fileRef = 65D8451B296B29C9008D7708 /* nasaAPI.swift */; };
/* End PBXBuildFile section */

/* Begin PBXContainerItemProxy section */
		6539A4F72969FD8600470F80 /* PBXContainerItemProxy */ = {
			isa = PBXContainerItemProxy;
			containerPortal = 6539A4D52969FD8500470F80 /* Project object */;
			proxyType = 1;
			remoteGlobalIDString = 6539A4DC2969FD8500470F80;
			remoteInfo = "Space Report";
		};
		6539A5012969FD8600470F80 /* PBXContainerItemProxy */ = {
			isa = PBXContainerItemProxy;
			containerPortal = 6539A4D52969FD8500470F80 /* Project object */;
			proxyType = 1;
			remoteGlobalIDString = 6539A4DC2969FD8500470F80;
			remoteInfo = "Space Report";
		};
/* End PBXContainerItemProxy section */

/* Begin PBXFileReference section */
		6539A4DD2969FD8500470F80 /* Space Report.app */ = {isa = PBXFileReference; explicitFileType = wrapper.application; includeInIndex = 0; path = "Space Report.app"; sourceTree = BUILT_PRODUCTS_DIR; };
		6539A4E02969FD8500470F80 /* AppDelegate.swift */ = {isa = PBXFileReference; lastKnownFileType = sourcecode.swift; path = AppDelegate.swift; sourceTree = "<group>"; };
		6539A4E22969FD8500470F80 /* SceneDelegate.swift */ = {isa = PBXFileReference; lastKnownFileType = sourcecode.swift; path = SceneDelegate.swift; sourceTree = "<group>"; };
		6539A4EA2969FD8500470F80 /* Space_Report.xcdatamodel */ = {isa = PBXFileReference; lastKnownFileType = wrapper.xcdatamodel; path = Space_Report.xcdatamodel; sourceTree = "<group>"; };
		6539A4EC2969FD8600470F80 /* Assets.xcassets */ = {isa = PBXFileReference; lastKnownFileType = folder.assetcatalog; path = Assets.xcassets; sourceTree = "<group>"; };
		6539A4EF2969FD8600470F80 /* Base */ = {isa = PBXFileReference; lastKnownFileType = file.storyboard; name = Base; path = Base.lproj/LaunchScreen.storyboard; sourceTree = "<group>"; };
		6539A4F12969FD8600470F80 /* Info.plist */ = {isa = PBXFileReference; lastKnownFileType = text.plist.xml; path = Info.plist; sourceTree = "<group>"; };
		6539A4F62969FD8600470F80 /* Space ReportTests.xctest */ = {isa = PBXFileReference; explicitFileType = wrapper.cfbundle; includeInIndex = 0; path = "Space ReportTests.xctest"; sourceTree = BUILT_PRODUCTS_DIR; };
		6539A4FA2969FD8600470F80 /* Space_ReportTests.swift */ = {isa = PBXFileReference; lastKnownFileType = sourcecode.swift; path = Space_ReportTests.swift; sourceTree = "<group>"; };
		6539A5002969FD8600470F80 /* Space ReportUITests.xctest */ = {isa = PBXFileReference; explicitFileType = wrapper.cfbundle; includeInIndex = 0; path = "Space ReportUITests.xctest"; sourceTree = BUILT_PRODUCTS_DIR; };
		6539A5042969FD8600470F80 /* Space_ReportUITests.swift */ = {isa = PBXFileReference; lastKnownFileType = sourcecode.swift; path = Space_ReportUITests.swift; sourceTree = "<group>"; };
		6539A5062969FD8600470F80 /* Space_ReportUITestsLaunchTests.swift */ = {isa = PBXFileReference; lastKnownFileType = sourcecode.swift; path = Space_ReportUITestsLaunchTests.swift; sourceTree = "<group>"; };
		6539A514296A0B3C00470F80 /* Colors.swift */ = {isa = PBXFileReference; lastKnownFileType = sourcecode.swift; path = Colors.swift; sourceTree = "<group>"; };
		6539A51A296A190700470F80 /* api_keys.swift */ = {isa = PBXFileReference; lastKnownFileType = sourcecode.swift; path = api_keys.swift; sourceTree = "<group>"; };
		6539A51D296A1A3100470F80 /* json.swift */ = {isa = PBXFileReference; lastKnownFileType = sourcecode.swift; path = json.swift; sourceTree = "<group>"; };
		6539A524296A7B4A00470F80 /* APOD.swift */ = {isa = PBXFileReference; lastKnownFileType = sourcecode.swift; path = APOD.swift; sourceTree = "<group>"; };
		65634E652972628A00A13D45 /* TodaysApodViewController.swift */ = {isa = PBXFileReference; lastKnownFileType = sourcecode.swift; path = TodaysApodViewController.swift; sourceTree = "<group>"; };
		65634E6B2972693000A13D45 /* DebugViews.swift */ = {isa = PBXFileReference; lastKnownFileType = sourcecode.swift; path = DebugViews.swift; sourceTree = "<group>"; };
		65634E6D2972693B00A13D45 /* UIKitExtensions.swift */ = {isa = PBXFileReference; lastKnownFileType = sourcecode.swift; path = UIKitExtensions.swift; sourceTree = "<group>"; };
		65634E6F2974D55400A13D45 /* NetworkingExtensions.swift */ = {isa = PBXFileReference; lastKnownFileType = sourcecode.swift; path = NetworkingExtensions.swift; sourceTree = "<group>"; };
		65634EBB2977172C00A13D45 /* apiError.swift */ = {isa = PBXFileReference; lastKnownFileType = sourcecode.swift; path = apiError.swift; sourceTree = "<group>"; };
		65634EBD297762BA00A13D45 /* ApodViewModel.swift */ = {isa = PBXFileReference; lastKnownFileType = sourcecode.swift; path = ApodViewModel.swift; sourceTree = "<group>"; };
		65634EC02977724C00A13D45 /* ApodDetailView.swift */ = {isa = PBXFileReference; lastKnownFileType = sourcecode.swift; path = ApodDetailView.swift; sourceTree = "<group>"; };
		65634EC92977B43400A13D45 /* TextLoadingPlaceholder.swift */ = {isa = PBXFileReference; lastKnownFileType = sourcecode.swift; path = TextLoadingPlaceholder.swift; sourceTree = "<group>"; };
		65634ECB2978594D00A13D45 /* BWGradientView.swift */ = {isa = PBXFileReference; lastKnownFileType = sourcecode.swift; path = BWGradientView.swift; sourceTree = "<group>"; };
		65634ECE2978D90600A13D45 /* ApodsGridViewController.swift */ = {isa = PBXFileReference; lastKnownFileType = sourcecode.swift; path = ApodsGridViewController.swift; sourceTree = "<group>"; };
		65634ED02978DEE400A13D45 /* NasaPrimaryButton.swift */ = {isa = PBXFileReference; lastKnownFileType = sourcecode.swift; path = NasaPrimaryButton.swift; sourceTree = "<group>"; };
		65634EDC2979B8D200A13D45 /* random.json */ = {isa = PBXFileReference; lastKnownFileType = text.json; path = random.json; sourceTree = "<group>"; };
		65634EDE2979D1FD00A13D45 /* ApodImageCell.swift */ = {isa = PBXFileReference; lastKnownFileType = sourcecode.swift; path = ApodImageCell.swift; sourceTree = "<group>"; };
		65634EE02979DEBA00A13D45 /* StandardTypeExtensions.swift */ = {isa = PBXFileReference; lastKnownFileType = sourcecode.swift; path = StandardTypeExtensions.swift; sourceTree = "<group>"; };
		65634EE4297A3B9C00A13D45 /* ApodHeaderCell.swift */ = {isa = PBXFileReference; lastKnownFileType = sourcecode.swift; path = ApodHeaderCell.swift; sourceTree = "<group>"; };
		65D8451B296B29C9008D7708 /* nasaAPI.swift */ = {isa = PBXFileReference; lastKnownFileType = sourcecode.swift; path = nasaAPI.swift; sourceTree = "<group>"; };
/* End PBXFileReference section */

/* Begin PBXFrameworksBuildPhase section */
		6539A4DA2969FD8500470F80 /* Frameworks */ = {
			isa = PBXFrameworksBuildPhase;
			buildActionMask = 2147483647;
			files = (
			);
			runOnlyForDeploymentPostprocessing = 0;
		};
		6539A4F32969FD8600470F80 /* Frameworks */ = {
			isa = PBXFrameworksBuildPhase;
			buildActionMask = 2147483647;
			files = (
			);
			runOnlyForDeploymentPostprocessing = 0;
		};
		6539A4FD2969FD8600470F80 /* Frameworks */ = {
			isa = PBXFrameworksBuildPhase;
			buildActionMask = 2147483647;
			files = (
			);
			runOnlyForDeploymentPostprocessing = 0;
		};
/* End PBXFrameworksBuildPhase section */

/* Begin PBXGroup section */
		6539A4D42969FD8500470F80 = {
			isa = PBXGroup;
			children = (
				6539A519296A123800470F80 /* _Secrets */,
				6539A4DF2969FD8500470F80 /* Space Report */,
				6539A4F92969FD8600470F80 /* Space ReportTests */,
				6539A5032969FD8600470F80 /* Space ReportUITests */,
				6539A4DE2969FD8500470F80 /* Products */,
			);
			sourceTree = "<group>";
		};
		6539A4DE2969FD8500470F80 /* Products */ = {
			isa = PBXGroup;
			children = (
				6539A4DD2969FD8500470F80 /* Space Report.app */,
				6539A4F62969FD8600470F80 /* Space ReportTests.xctest */,
				6539A5002969FD8600470F80 /* Space ReportUITests.xctest */,
			);
			name = Products;
			sourceTree = "<group>";
		};
		6539A4DF2969FD8500470F80 /* Space Report */ = {
			isa = PBXGroup;
			children = (
				65634E6A2972691C00A13D45 /* Utils */,
				65634E672972644D00A13D45 /* Controllers */,
				6539A523296A7B3B00470F80 /* Models */,
				65634EBF297762C000A13D45 /* ViewModels */,
				65634E642972626B00A13D45 /* Views */,
				6539A51C296A1A1700470F80 /* API */,
				6539A513296A0B1F00470F80 /* Common */,
				6539A4E02969FD8500470F80 /* AppDelegate.swift */,
				6539A4E22969FD8500470F80 /* SceneDelegate.swift */,
				65634EDC2979B8D200A13D45 /* random.json */,
				6539A4EC2969FD8600470F80 /* Assets.xcassets */,
				6539A4EE2969FD8600470F80 /* LaunchScreen.storyboard */,
				6539A4F12969FD8600470F80 /* Info.plist */,
				6539A4E92969FD8500470F80 /* Space_Report.xcdatamodeld */,
			);
			path = "Space Report";
			sourceTree = "<group>";
		};
		6539A4F92969FD8600470F80 /* Space ReportTests */ = {
			isa = PBXGroup;
			children = (
				6539A4FA2969FD8600470F80 /* Space_ReportTests.swift */,
			);
			path = "Space ReportTests";
			sourceTree = "<group>";
		};
		6539A5032969FD8600470F80 /* Space ReportUITests */ = {
			isa = PBXGroup;
			children = (
				6539A5042969FD8600470F80 /* Space_ReportUITests.swift */,
				6539A5062969FD8600470F80 /* Space_ReportUITestsLaunchTests.swift */,
			);
			path = "Space ReportUITests";
			sourceTree = "<group>";
		};
		6539A513296A0B1F00470F80 /* Common */ = {
			isa = PBXGroup;
			children = (
				6539A514296A0B3C00470F80 /* Colors.swift */,
				65634ED02978DEE400A13D45 /* NasaPrimaryButton.swift */,
			);
			path = Common;
			sourceTree = "<group>";
		};
		6539A519296A123800470F80 /* _Secrets */ = {
			isa = PBXGroup;
			children = (
				6539A51A296A190700470F80 /* api_keys.swift */,
			);
			path = _Secrets;
			sourceTree = "<group>";
		};
		6539A51C296A1A1700470F80 /* API */ = {
			isa = PBXGroup;
			children = (
				6539A51D296A1A3100470F80 /* json.swift */,
				65634EBB2977172C00A13D45 /* apiError.swift */,
				65D8451B296B29C9008D7708 /* nasaAPI.swift */,
			);
			path = API;
			sourceTree = "<group>";
		};
		6539A523296A7B3B00470F80 /* Models */ = {
			isa = PBXGroup;
			children = (
				65D8451A296B2945008D7708 /* NASA */,
			);
			path = Models;
			sourceTree = "<group>";
		};
		65634E642972626B00A13D45 /* Views */ = {
			isa = PBXGroup;
			children = (
				65634EC02977724C00A13D45 /* ApodDetailView.swift */,
				65634EDE2979D1FD00A13D45 /* ApodImageCell.swift */,
				65634EE4297A3B9C00A13D45 /* ApodHeaderCell.swift */,
			);
			path = Views;
			sourceTree = "<group>";
		};
		65634E672972644D00A13D45 /* Controllers */ = {
			isa = PBXGroup;
			children = (
				65634E652972628A00A13D45 /* TodaysApodViewController.swift */,
				65634ECE2978D90600A13D45 /* ApodsGridViewController.swift */,
			);
			path = Controllers;
			sourceTree = "<group>";
		};
		65634E6A2972691C00A13D45 /* Utils */ = {
			isa = PBXGroup;
			children = (
				65634ECD2978D4E400A13D45 /* TextLoading */,
				65634E6B2972693000A13D45 /* DebugViews.swift */,
				65634E6F2974D55400A13D45 /* NetworkingExtensions.swift */,
				65634E6D2972693B00A13D45 /* UIKitExtensions.swift */,
				65634EE02979DEBA00A13D45 /* StandardTypeExtensions.swift */,
			);
			path = Utils;
			sourceTree = "<group>";
		};
		65634EBF297762C000A13D45 /* ViewModels */ = {
			isa = PBXGroup;
			children = (
				65634EBD297762BA00A13D45 /* ApodViewModel.swift */,
			);
			path = ViewModels;
			sourceTree = "<group>";
		};
		65634ECD2978D4E400A13D45 /* TextLoading */ = {
			isa = PBXGroup;
			children = (
				65634EC92977B43400A13D45 /* TextLoadingPlaceholder.swift */,
				65634ECB2978594D00A13D45 /* BWGradientView.swift */,
			);
			path = TextLoading;
			sourceTree = "<group>";
		};
		65D8451A296B2945008D7708 /* NASA */ = {
			isa = PBXGroup;
			children = (
				6539A524296A7B4A00470F80 /* APOD.swift */,
			);
			path = NASA;
			sourceTree = "<group>";
		};
/* End PBXGroup section */

/* Begin PBXNativeTarget section */
		6539A4DC2969FD8500470F80 /* Space Report */ = {
			isa = PBXNativeTarget;
			buildConfigurationList = 6539A50A2969FD8600470F80 /* Build configuration list for PBXNativeTarget "Space Report" */;
			buildPhases = (
				6539A4D92969FD8500470F80 /* Sources */,
				6539A4DA2969FD8500470F80 /* Frameworks */,
				6539A4DB2969FD8500470F80 /* Resources */,
			);
			buildRules = (
			);
			dependencies = (
			);
			name = "Space Report";
			productName = "Space Report";
			productReference = 6539A4DD2969FD8500470F80 /* Space Report.app */;
			productType = "com.apple.product-type.application";
		};
		6539A4F52969FD8600470F80 /* Space ReportTests */ = {
			isa = PBXNativeTarget;
			buildConfigurationList = 6539A50D2969FD8600470F80 /* Build configuration list for PBXNativeTarget "Space ReportTests" */;
			buildPhases = (
				6539A4F22969FD8600470F80 /* Sources */,
				6539A4F32969FD8600470F80 /* Frameworks */,
				6539A4F42969FD8600470F80 /* Resources */,
			);
			buildRules = (
			);
			dependencies = (
				6539A4F82969FD8600470F80 /* PBXTargetDependency */,
			);
			name = "Space ReportTests";
			productName = "Space ReportTests";
			productReference = 6539A4F62969FD8600470F80 /* Space ReportTests.xctest */;
			productType = "com.apple.product-type.bundle.unit-test";
		};
		6539A4FF2969FD8600470F80 /* Space ReportUITests */ = {
			isa = PBXNativeTarget;
			buildConfigurationList = 6539A5102969FD8600470F80 /* Build configuration list for PBXNativeTarget "Space ReportUITests" */;
			buildPhases = (
				6539A4FC2969FD8600470F80 /* Sources */,
				6539A4FD2969FD8600470F80 /* Frameworks */,
				6539A4FE2969FD8600470F80 /* Resources */,
			);
			buildRules = (
			);
			dependencies = (
				6539A5022969FD8600470F80 /* PBXTargetDependency */,
			);
			name = "Space ReportUITests";
			productName = "Space ReportUITests";
			productReference = 6539A5002969FD8600470F80 /* Space ReportUITests.xctest */;
			productType = "com.apple.product-type.bundle.ui-testing";
		};
/* End PBXNativeTarget section */

/* Begin PBXProject section */
		6539A4D52969FD8500470F80 /* Project object */ = {
			isa = PBXProject;
			attributes = {
				BuildIndependentTargetsInParallel = 1;
				LastSwiftUpdateCheck = 1420;
				LastUpgradeCheck = 1420;
				TargetAttributes = {
					6539A4DC2969FD8500470F80 = {
						CreatedOnToolsVersion = 14.2;
					};
					6539A4F52969FD8600470F80 = {
						CreatedOnToolsVersion = 14.2;
						TestTargetID = 6539A4DC2969FD8500470F80;
					};
					6539A4FF2969FD8600470F80 = {
						CreatedOnToolsVersion = 14.2;
						TestTargetID = 6539A4DC2969FD8500470F80;
					};
				};
			};
			buildConfigurationList = 6539A4D82969FD8500470F80 /* Build configuration list for PBXProject "Space Report" */;
			compatibilityVersion = "Xcode 14.0";
			developmentRegion = en;
			hasScannedForEncodings = 0;
			knownRegions = (
				en,
				Base,
			);
			mainGroup = 6539A4D42969FD8500470F80;
			productRefGroup = 6539A4DE2969FD8500470F80 /* Products */;
			projectDirPath = "";
			projectRoot = "";
			targets = (
				6539A4DC2969FD8500470F80 /* Space Report */,
				6539A4F52969FD8600470F80 /* Space ReportTests */,
				6539A4FF2969FD8600470F80 /* Space ReportUITests */,
			);
		};
/* End PBXProject section */

/* Begin PBXResourcesBuildPhase section */
		6539A4DB2969FD8500470F80 /* Resources */ = {
			isa = PBXResourcesBuildPhase;
			buildActionMask = 2147483647;
			files = (
				65634EDD2979B8D200A13D45 /* random.json in Resources */,
				6539A4F02969FD8600470F80 /* LaunchScreen.storyboard in Resources */,
				6539A4ED2969FD8600470F80 /* Assets.xcassets in Resources */,
			);
			runOnlyForDeploymentPostprocessing = 0;
		};
		6539A4F42969FD8600470F80 /* Resources */ = {
			isa = PBXResourcesBuildPhase;
			buildActionMask = 2147483647;
			files = (
			);
			runOnlyForDeploymentPostprocessing = 0;
		};
		6539A4FE2969FD8600470F80 /* Resources */ = {
			isa = PBXResourcesBuildPhase;
			buildActionMask = 2147483647;
			files = (
			);
			runOnlyForDeploymentPostprocessing = 0;
		};
/* End PBXResourcesBuildPhase section */

/* Begin PBXSourcesBuildPhase section */
		6539A4D92969FD8500470F80 /* Sources */ = {
			isa = PBXSourcesBuildPhase;
			buildActionMask = 2147483647;
			files = (
				65D8451C296B29C9008D7708 /* nasaAPI.swift in Sources */,
				65634ED12978DEE400A13D45 /* NasaPrimaryButton.swift in Sources */,
				6539A51B296A190700470F80 /* api_keys.swift in Sources */,
				6539A4EB2969FD8500470F80 /* Space_Report.xcdatamodeld in Sources */,
				6539A515296A0B3C00470F80 /* Colors.swift in Sources */,
				65634EE12979DEBA00A13D45 /* StandardTypeExtensions.swift in Sources */,
				6539A525296A7B4A00470F80 /* APOD.swift in Sources */,
				65634EBC2977172C00A13D45 /* apiError.swift in Sources */,
				65634EDF2979D1FD00A13D45 /* ApodImageCell.swift in Sources */,
				6539A51E296A1A3100470F80 /* json.swift in Sources */,
				65634ECA2977B43400A13D45 /* TextLoadingPlaceholder.swift in Sources */,
				65634ECF2978D90600A13D45 /* ApodsGridViewController.swift in Sources */,
				65634EE5297A3B9C00A13D45 /* ApodHeaderCell.swift in Sources */,
				65634E702974D55400A13D45 /* NetworkingExtensions.swift in Sources */,
				65634EC12977724C00A13D45 /* ApodDetailView.swift in Sources */,
				65634E662972628A00A13D45 /* TodaysApodViewController.swift in Sources */,
				65634E6C2972693000A13D45 /* DebugViews.swift in Sources */,
				6539A4E12969FD8500470F80 /* AppDelegate.swift in Sources */,
				6539A4E32969FD8500470F80 /* SceneDelegate.swift in Sources */,
				65634EBE297762BA00A13D45 /* ApodViewModel.swift in Sources */,
				65634E6E2972693B00A13D45 /* UIKitExtensions.swift in Sources */,
				65634ECC2978594D00A13D45 /* BWGradientView.swift in Sources */,
			);
			runOnlyForDeploymentPostprocessing = 0;
		};
		6539A4F22969FD8600470F80 /* Sources */ = {
			isa = PBXSourcesBuildPhase;
			buildActionMask = 2147483647;
			files = (
				6539A4FB2969FD8600470F80 /* Space_ReportTests.swift in Sources */,
			);
			runOnlyForDeploymentPostprocessing = 0;
		};
		6539A4FC2969FD8600470F80 /* Sources */ = {
			isa = PBXSourcesBuildPhase;
			buildActionMask = 2147483647;
			files = (
				6539A5052969FD8600470F80 /* Space_ReportUITests.swift in Sources */,
				6539A5072969FD8600470F80 /* Space_ReportUITestsLaunchTests.swift in Sources */,
			);
			runOnlyForDeploymentPostprocessing = 0;
		};
/* End PBXSourcesBuildPhase section */

/* Begin PBXTargetDependency section */
		6539A4F82969FD8600470F80 /* PBXTargetDependency */ = {
			isa = PBXTargetDependency;
			target = 6539A4DC2969FD8500470F80 /* Space Report */;
			targetProxy = 6539A4F72969FD8600470F80 /* PBXContainerItemProxy */;
		};
		6539A5022969FD8600470F80 /* PBXTargetDependency */ = {
			isa = PBXTargetDependency;
			target = 6539A4DC2969FD8500470F80 /* Space Report */;
			targetProxy = 6539A5012969FD8600470F80 /* PBXContainerItemProxy */;
		};
/* End PBXTargetDependency section */

/* Begin PBXVariantGroup section */
		6539A4EE2969FD8600470F80 /* LaunchScreen.storyboard */ = {
			isa = PBXVariantGroup;
			children = (
				6539A4EF2969FD8600470F80 /* Base */,
			);
			name = LaunchScreen.storyboard;
			sourceTree = "<group>";
		};
/* End PBXVariantGroup section */

/* Begin XCBuildConfiguration section */
		6539A5082969FD8600470F80 /* Debug */ = {
			isa = XCBuildConfiguration;
			buildSettings = {
				ALWAYS_SEARCH_USER_PATHS = NO;
				CLANG_ANALYZER_NONNULL = YES;
				CLANG_ANALYZER_NUMBER_OBJECT_CONVERSION = YES_AGGRESSIVE;
				CLANG_CXX_LANGUAGE_STANDARD = "gnu++20";
				CLANG_ENABLE_MODULES = YES;
				CLANG_ENABLE_OBJC_ARC = YES;
				CLANG_ENABLE_OBJC_WEAK = YES;
				CLANG_WARN_BLOCK_CAPTURE_AUTORELEASING = YES;
				CLANG_WARN_BOOL_CONVERSION = YES;
				CLANG_WARN_COMMA = YES;
				CLANG_WARN_CONSTANT_CONVERSION = YES;
				CLANG_WARN_DEPRECATED_OBJC_IMPLEMENTATIONS = YES;
				CLANG_WARN_DIRECT_OBJC_ISA_USAGE = YES_ERROR;
				CLANG_WARN_DOCUMENTATION_COMMENTS = YES;
				CLANG_WARN_EMPTY_BODY = YES;
				CLANG_WARN_ENUM_CONVERSION = YES;
				CLANG_WARN_INFINITE_RECURSION = YES;
				CLANG_WARN_INT_CONVERSION = YES;
				CLANG_WARN_NON_LITERAL_NULL_CONVERSION = YES;
				CLANG_WARN_OBJC_IMPLICIT_RETAIN_SELF = YES;
				CLANG_WARN_OBJC_LITERAL_CONVERSION = YES;
				CLANG_WARN_OBJC_ROOT_CLASS = YES_ERROR;
				CLANG_WARN_QUOTED_INCLUDE_IN_FRAMEWORK_HEADER = YES;
				CLANG_WARN_RANGE_LOOP_ANALYSIS = YES;
				CLANG_WARN_STRICT_PROTOTYPES = YES;
				CLANG_WARN_SUSPICIOUS_MOVE = YES;
				CLANG_WARN_UNGUARDED_AVAILABILITY = YES_AGGRESSIVE;
				CLANG_WARN_UNREACHABLE_CODE = YES;
				CLANG_WARN__DUPLICATE_METHOD_MATCH = YES;
				COPY_PHASE_STRIP = NO;
				DEBUG_INFORMATION_FORMAT = dwarf;
				ENABLE_STRICT_OBJC_MSGSEND = YES;
				ENABLE_TESTABILITY = YES;
				GCC_C_LANGUAGE_STANDARD = gnu11;
				GCC_DYNAMIC_NO_PIC = NO;
				GCC_NO_COMMON_BLOCKS = YES;
				GCC_OPTIMIZATION_LEVEL = 0;
				GCC_PREPROCESSOR_DEFINITIONS = (
					"DEBUG=1",
					"$(inherited)",
				);
				GCC_WARN_64_TO_32_BIT_CONVERSION = YES;
				GCC_WARN_ABOUT_RETURN_TYPE = YES_ERROR;
				GCC_WARN_UNDECLARED_SELECTOR = YES;
				GCC_WARN_UNINITIALIZED_AUTOS = YES_AGGRESSIVE;
				GCC_WARN_UNUSED_FUNCTION = YES;
				GCC_WARN_UNUSED_VARIABLE = YES;
				IPHONEOS_DEPLOYMENT_TARGET = 16.2;
				MTL_ENABLE_DEBUG_INFO = INCLUDE_SOURCE;
				MTL_FAST_MATH = YES;
				ONLY_ACTIVE_ARCH = YES;
				SDKROOT = iphoneos;
				SWIFT_ACTIVE_COMPILATION_CONDITIONS = DEBUG;
				SWIFT_OPTIMIZATION_LEVEL = "-Onone";
			};
			name = Debug;
		};
		6539A5092969FD8600470F80 /* Release */ = {
			isa = XCBuildConfiguration;
			buildSettings = {
				ALWAYS_SEARCH_USER_PATHS = NO;
				CLANG_ANALYZER_NONNULL = YES;
				CLANG_ANALYZER_NUMBER_OBJECT_CONVERSION = YES_AGGRESSIVE;
				CLANG_CXX_LANGUAGE_STANDARD = "gnu++20";
				CLANG_ENABLE_MODULES = YES;
				CLANG_ENABLE_OBJC_ARC = YES;
				CLANG_ENABLE_OBJC_WEAK = YES;
				CLANG_WARN_BLOCK_CAPTURE_AUTORELEASING = YES;
				CLANG_WARN_BOOL_CONVERSION = YES;
				CLANG_WARN_COMMA = YES;
				CLANG_WARN_CONSTANT_CONVERSION = YES;
				CLANG_WARN_DEPRECATED_OBJC_IMPLEMENTATIONS = YES;
				CLANG_WARN_DIRECT_OBJC_ISA_USAGE = YES_ERROR;
				CLANG_WARN_DOCUMENTATION_COMMENTS = YES;
				CLANG_WARN_EMPTY_BODY = YES;
				CLANG_WARN_ENUM_CONVERSION = YES;
				CLANG_WARN_INFINITE_RECURSION = YES;
				CLANG_WARN_INT_CONVERSION = YES;
				CLANG_WARN_NON_LITERAL_NULL_CONVERSION = YES;
				CLANG_WARN_OBJC_IMPLICIT_RETAIN_SELF = YES;
				CLANG_WARN_OBJC_LITERAL_CONVERSION = YES;
				CLANG_WARN_OBJC_ROOT_CLASS = YES_ERROR;
				CLANG_WARN_QUOTED_INCLUDE_IN_FRAMEWORK_HEADER = YES;
				CLANG_WARN_RANGE_LOOP_ANALYSIS = YES;
				CLANG_WARN_STRICT_PROTOTYPES = YES;
				CLANG_WARN_SUSPICIOUS_MOVE = YES;
				CLANG_WARN_UNGUARDED_AVAILABILITY = YES_AGGRESSIVE;
				CLANG_WARN_UNREACHABLE_CODE = YES;
				CLANG_WARN__DUPLICATE_METHOD_MATCH = YES;
				COPY_PHASE_STRIP = NO;
				DEBUG_INFORMATION_FORMAT = "dwarf-with-dsym";
				ENABLE_NS_ASSERTIONS = NO;
				ENABLE_STRICT_OBJC_MSGSEND = YES;
				GCC_C_LANGUAGE_STANDARD = gnu11;
				GCC_NO_COMMON_BLOCKS = YES;
				GCC_WARN_64_TO_32_BIT_CONVERSION = YES;
				GCC_WARN_ABOUT_RETURN_TYPE = YES_ERROR;
				GCC_WARN_UNDECLARED_SELECTOR = YES;
				GCC_WARN_UNINITIALIZED_AUTOS = YES_AGGRESSIVE;
				GCC_WARN_UNUSED_FUNCTION = YES;
				GCC_WARN_UNUSED_VARIABLE = YES;
				IPHONEOS_DEPLOYMENT_TARGET = 16.2;
				MTL_ENABLE_DEBUG_INFO = NO;
				MTL_FAST_MATH = YES;
				SDKROOT = iphoneos;
				SWIFT_COMPILATION_MODE = wholemodule;
				SWIFT_OPTIMIZATION_LEVEL = "-O";
				VALIDATE_PRODUCT = YES;
			};
			name = Release;
		};
		6539A50B2969FD8600470F80 /* Debug */ = {
			isa = XCBuildConfiguration;
			buildSettings = {
				ASSETCATALOG_COMPILER_APPICON_NAME = AppIcon;
				ASSETCATALOG_COMPILER_GLOBAL_ACCENT_COLOR_NAME = AccentColor;
				CODE_SIGN_STYLE = Automatic;
				CURRENT_PROJECT_VERSION = 1;
				DEVELOPMENT_TEAM = 627A94M9D3;
				GENERATE_INFOPLIST_FILE = YES;
				INFOPLIST_FILE = "Space Report/Info.plist";
				INFOPLIST_KEY_LSApplicationCategoryType = "public.app-category.news";
				INFOPLIST_KEY_UIApplicationSupportsIndirectInputEvents = YES;
				INFOPLIST_KEY_UILaunchStoryboardName = LaunchScreen;
				INFOPLIST_KEY_UIMainStoryboardFile = "";
				INFOPLIST_KEY_UISupportedInterfaceOrientations = UIInterfaceOrientationPortrait;
				INFOPLIST_KEY_UISupportedInterfaceOrientations_iPad = "UIInterfaceOrientationLandscapeLeft UIInterfaceOrientationLandscapeRight UIInterfaceOrientationPortrait UIInterfaceOrientationPortraitUpsideDown";
				IPHONEOS_DEPLOYMENT_TARGET = 14.0;
				LD_RUNPATH_SEARCH_PATHS = (
					"$(inherited)",
					"@executable_path/Frameworks",
				);
				MARKETING_VERSION = 1.0;
				PRODUCT_BUNDLE_IDENTIFIER = "com.DakotaHavel.Space-Report";
				PRODUCT_NAME = "$(TARGET_NAME)";
				SUPPORTED_PLATFORMS = "iphoneos iphonesimulator";
				SUPPORTS_MACCATALYST = NO;
				SUPPORTS_MAC_DESIGNED_FOR_IPHONE_IPAD = NO;
				SWIFT_EMIT_LOC_STRINGS = YES;
				SWIFT_VERSION = 5.0;
				TARGETED_DEVICE_FAMILY = 1;
			};
			name = Debug;
		};
		6539A50C2969FD8600470F80 /* Release */ = {
			isa = XCBuildConfiguration;
			buildSettings = {
				ASSETCATALOG_COMPILER_APPICON_NAME = AppIcon;
				ASSETCATALOG_COMPILER_GLOBAL_ACCENT_COLOR_NAME = AccentColor;
				CODE_SIGN_STYLE = Automatic;
				CURRENT_PROJECT_VERSION = 1;
				DEVELOPMENT_TEAM = 627A94M9D3;
				GENERATE_INFOPLIST_FILE = YES;
				INFOPLIST_FILE = "Space Report/Info.plist";
				INFOPLIST_KEY_LSApplicationCategoryType = "public.app-category.news";
				INFOPLIST_KEY_UIApplicationSupportsIndirectInputEvents = YES;
				INFOPLIST_KEY_UILaunchStoryboardName = LaunchScreen;
				INFOPLIST_KEY_UIMainStoryboardFile = "";
				INFOPLIST_KEY_UISupportedInterfaceOrientations = UIInterfaceOrientationPortrait;
				INFOPLIST_KEY_UISupportedInterfaceOrientations_iPad = "UIInterfaceOrientationLandscapeLeft UIInterfaceOrientationLandscapeRight UIInterfaceOrientationPortrait UIInterfaceOrientationPortraitUpsideDown";
				IPHONEOS_DEPLOYMENT_TARGET = 14.0;
				LD_RUNPATH_SEARCH_PATHS = (
					"$(inherited)",
					"@executable_path/Frameworks",
				);
				MARKETING_VERSION = 1.0;
				PRODUCT_BUNDLE_IDENTIFIER = "com.DakotaHavel.Space-Report";
				PRODUCT_NAME = "$(TARGET_NAME)";
				SUPPORTED_PLATFORMS = "iphoneos iphonesimulator";
				SUPPORTS_MACCATALYST = NO;
				SUPPORTS_MAC_DESIGNED_FOR_IPHONE_IPAD = NO;
				SWIFT_EMIT_LOC_STRINGS = YES;
				SWIFT_VERSION = 5.0;
				TARGETED_DEVICE_FAMILY = 1;
			};
			name = Release;
		};
		6539A50E2969FD8600470F80 /* Debug */ = {
			isa = XCBuildConfiguration;
			buildSettings = {
				ALWAYS_EMBED_SWIFT_STANDARD_LIBRARIES = YES;
				BUNDLE_LOADER = "$(TEST_HOST)";
				CODE_SIGN_STYLE = Automatic;
				CURRENT_PROJECT_VERSION = 1;
				DEVELOPMENT_TEAM = 627A94M9D3;
				GENERATE_INFOPLIST_FILE = YES;
				IPHONEOS_DEPLOYMENT_TARGET = 16.2;
				MARKETING_VERSION = 1.0;
				PRODUCT_BUNDLE_IDENTIFIER = "com.DakotaHavel.Space-ReportTests";
				PRODUCT_NAME = "$(TARGET_NAME)";
				SWIFT_EMIT_LOC_STRINGS = NO;
				SWIFT_VERSION = 5.0;
				TARGETED_DEVICE_FAMILY = "1,2";
				TEST_HOST = "$(BUILT_PRODUCTS_DIR)/Space Report.app/$(BUNDLE_EXECUTABLE_FOLDER_PATH)/Space Report";
			};
			name = Debug;
		};
		6539A50F2969FD8600470F80 /* Release */ = {
			isa = XCBuildConfiguration;
			buildSettings = {
				ALWAYS_EMBED_SWIFT_STANDARD_LIBRARIES = YES;
				BUNDLE_LOADER = "$(TEST_HOST)";
				CODE_SIGN_STYLE = Automatic;
				CURRENT_PROJECT_VERSION = 1;
				DEVELOPMENT_TEAM = 627A94M9D3;
				GENERATE_INFOPLIST_FILE = YES;
				IPHONEOS_DEPLOYMENT_TARGET = 16.2;
				MARKETING_VERSION = 1.0;
				PRODUCT_BUNDLE_IDENTIFIER = "com.DakotaHavel.Space-ReportTests";
				PRODUCT_NAME = "$(TARGET_NAME)";
				SWIFT_EMIT_LOC_STRINGS = NO;
				SWIFT_VERSION = 5.0;
				TARGETED_DEVICE_FAMILY = "1,2";
				TEST_HOST = "$(BUILT_PRODUCTS_DIR)/Space Report.app/$(BUNDLE_EXECUTABLE_FOLDER_PATH)/Space Report";
			};
			name = Release;
		};
		6539A5112969FD8600470F80 /* Debug */ = {
			isa = XCBuildConfiguration;
			buildSettings = {
				ALWAYS_EMBED_SWIFT_STANDARD_LIBRARIES = YES;
				CODE_SIGN_STYLE = Automatic;
				CURRENT_PROJECT_VERSION = 1;
				DEVELOPMENT_TEAM = 627A94M9D3;
				GENERATE_INFOPLIST_FILE = YES;
				MARKETING_VERSION = 1.0;
				PRODUCT_BUNDLE_IDENTIFIER = "com.DakotaHavel.Space-ReportUITests";
				PRODUCT_NAME = "$(TARGET_NAME)";
				SWIFT_EMIT_LOC_STRINGS = NO;
				SWIFT_VERSION = 5.0;
				TARGETED_DEVICE_FAMILY = "1,2";
				TEST_TARGET_NAME = "Space Report";
			};
			name = Debug;
		};
		6539A5122969FD8600470F80 /* Release */ = {
			isa = XCBuildConfiguration;
			buildSettings = {
				ALWAYS_EMBED_SWIFT_STANDARD_LIBRARIES = YES;
				CODE_SIGN_STYLE = Automatic;
				CURRENT_PROJECT_VERSION = 1;
				DEVELOPMENT_TEAM = 627A94M9D3;
				GENERATE_INFOPLIST_FILE = YES;
				MARKETING_VERSION = 1.0;
				PRODUCT_BUNDLE_IDENTIFIER = "com.DakotaHavel.Space-ReportUITests";
				PRODUCT_NAME = "$(TARGET_NAME)";
				SWIFT_EMIT_LOC_STRINGS = NO;
				SWIFT_VERSION = 5.0;
				TARGETED_DEVICE_FAMILY = "1,2";
				TEST_TARGET_NAME = "Space Report";
			};
			name = Release;
		};
/* End XCBuildConfiguration section */

/* Begin XCConfigurationList section */
		6539A4D82969FD8500470F80 /* Build configuration list for PBXProject "Space Report" */ = {
			isa = XCConfigurationList;
			buildConfigurations = (
				6539A5082969FD8600470F80 /* Debug */,
				6539A5092969FD8600470F80 /* Release */,
			);
			defaultConfigurationIsVisible = 0;
			defaultConfigurationName = Release;
		};
		6539A50A2969FD8600470F80 /* Build configuration list for PBXNativeTarget "Space Report" */ = {
			isa = XCConfigurationList;
			buildConfigurations = (
				6539A50B2969FD8600470F80 /* Debug */,
				6539A50C2969FD8600470F80 /* Release */,
			);
			defaultConfigurationIsVisible = 0;
			defaultConfigurationName = Release;
		};
		6539A50D2969FD8600470F80 /* Build configuration list for PBXNativeTarget "Space ReportTests" */ = {
			isa = XCConfigurationList;
			buildConfigurations = (
				6539A50E2969FD8600470F80 /* Debug */,
				6539A50F2969FD8600470F80 /* Release */,
			);
			defaultConfigurationIsVisible = 0;
			defaultConfigurationName = Release;
		};
		6539A5102969FD8600470F80 /* Build configuration list for PBXNativeTarget "Space ReportUITests" */ = {
			isa = XCConfigurationList;
			buildConfigurations = (
				6539A5112969FD8600470F80 /* Debug */,
				6539A5122969FD8600470F80 /* Release */,
			);
			defaultConfigurationIsVisible = 0;
			defaultConfigurationName = Release;
		};
/* End XCConfigurationList section */

/* Begin XCVersionGroup section */
		6539A4E92969FD8500470F80 /* Space_Report.xcdatamodeld */ = {
			isa = XCVersionGroup;
			children = (
				6539A4EA2969FD8500470F80 /* Space_Report.xcdatamodel */,
			);
			currentVersion = 6539A4EA2969FD8500470F80 /* Space_Report.xcdatamodel */;
			path = Space_Report.xcdatamodeld;
			sourceTree = "<group>";
			versionGroupType = wrapper.xcdatamodel;
		};
/* End XCVersionGroup section */
	};
	rootObject = 6539A4D52969FD8500470F80 /* Project object */;
}
